
Microsoft Visual Studio Solution File, Format Version 11.00
# Visual Studio 2010
Project("{2150E333-8FDC-42A3-9474-1A3956D46DE8}") = "Plugins", "Plugins", "{641C003F-BC6E-4767-B0F6-F0D9E7910918}"
EndProject
Project("{2150E333-8FDC-42A3-9474-1A3956D46DE8}") = "Tools", "Tools", "{E0F3BAB2-3930-4C58-A22D-64D50441CF28}"
EndProject
Project("{8BC9CEB8-8B4A-11D0-8D11-00A0C91BC942}") = "XVP", "XVP.vcxproj", "{FFACE166-E600-452C-BE53-680D2C62C0C3}"
EndProject
Project("{8BC9CEB8-8B4A-11D0-8D11-00A0C91BC942}") = "XVPTester", "XVPTester\XVPTester.vcxproj", "{4CEE089F-4015-4834-A403-773F493AE5F7}"
EndProject
Project("{FAE04EC0-301F-11D3-BF4B-00C04F79EFBC}") = "XVPDesigner", "exporters\XVPDesigner\XVPDesigner\XVPDesigner.csproj", "{56A32BA8-F806-4C08-B9F8-441EF04ADD36}"
EndProject
Project("{FAE04EC0-301F-11D3-BF4B-00C04F79EFBC}") = "AnimControllerPlugin", "exporters\XVPDesigner\Plugins\AnimController\AnimControllerPlugin.csproj", "{D88A65AF-A0AA-4DD4-A726-794C160FCC11}"
EndProject
Project("{FAE04EC0-301F-11D3-BF4B-00C04F79EFBC}") = "CameraPlugin", "exporters\XVPDesigner\Plugins\Camera\CameraPlugin.csproj", "{60BE201A-EE33-4BCF-9D5B-09F5BE977885}"
EndProject
Project("{FAE04EC0-301F-11D3-BF4B-00C04F79EFBC}") = "LightPlugin", "exporters\XVPDesigner\Plugins\LightPlugin\LightPlugin.csproj", "{8DB84167-99F7-4D71-B95F-F11D58838EF3}"
EndProject
Project("{FAE04EC0-301F-11D3-BF4B-00C04F79EFBC}") = "ModelPlugin", "exporters\XVPDesigner\Plugins\Model\ModelPlugin.csproj", "{8C61CE2A-6E87-4C57-A99E-FA590E917B94}"
EndProject
Project("{FAE04EC0-301F-11D3-BF4B-00C04F79EFBC}") = "ParticleSystemPlugin", "exporters\XVPDesigner\Plugins\ParticleSystem\ParticleSystemPlugin.csproj", "{029E0553-E9EC-4F64-B103-F3D0CDE8A0B2}"
EndProject
Project("{FAE04EC0-301F-11D3-BF4B-00C04F79EFBC}") = "PhysXPlugin", "exporters\XVPDesigner\Plugins\PhysXPlugin\PhysXPlugin.csproj", "{ACA3454E-271C-4AD6-8D98-26F587ACCC74}"
EndProject
Project("{FAE04EC0-301F-11D3-BF4B-00C04F79EFBC}") = "StdPostEffects", "exporters\XVPDesigner\Plugins\StdPostEffects\StdPostEffects.csproj", "{1A7CB95F-027D-4C3F-88C0-870E50F6AA76}"
EndProject
Project("{FAE04EC0-301F-11D3-BF4B-00C04F79EFBC}") = "XVPExport", "exporters\XVPExport\XVPExport.csproj", "{DC1BD62C-200F-4DAA-9CE1-5260734E1200}"
EndProject
Project("{FAE04EC0-301F-11D3-BF4B-00C04F79EFBC}") = "XVPDCCTools", "exporters\XVPDCCTools\XVPDCCTools.csproj", "{33928956-4C3F-4D78-980E-9146CBF981F5}"
EndProject
Project("{8BC9CEB8-8B4A-11D0-8D11-00A0C91BC942}") = "XVPCollada", "exporters\XVPCollada\XCollada.vcxproj", "{22D71C5B-E7CD-44B0-B221-EBAF900DCD95}"
EndProject
Project("{8BC9CEB8-8B4A-11D0-8D11-00A0C91BC942}") = "XVPManaged", "XVPManaged\XVPManaged.vcxproj", "{1E2420E5-6620-4040-A90D-CC3FA8852CB3}"
EndProject
Project("{FAE04EC0-301F-11D3-BF4B-00C04F79EFBC}") = "XVPSetupActions", "XVPSetupActions\XVPSetupActions.csproj", "{473B89FF-2BED-428C-8380-75264F26DF98}"
EndProject
Project("{8BC9CEB8-8B4A-11D0-8D11-00A0C91BC942}") = "XVPWad", "XVPWad\XVPWad.vcxproj", "{11391EBD-0CD8-4317-8B13-4CA1CFFEEB84}"
EndProject
Project("{FAE04EC0-301F-11D3-BF4B-00C04F79EFBC}") = "XVPSampleBrowser", "XVPSampleBrowser\XVPSampleBrowser.csproj", "{74CD3F37-943F-4AAF-B9AB-76F688307C98}"
EndProject
Project("{FAE04EC0-301F-11D3-BF4B-00C04F79EFBC}") = "XVPShaderGen", "XVPShaderGen\XVPShaderGen.csproj", "{7DD2D39D-FF2E-43A6-ADDC-103741989D52}"
EndProject
Project("{8BC9CEB8-8B4A-11D0-8D11-00A0C91BC942}") = "XVPShaders", "XVPShaders\XVPShaders.vcxproj", "{4169D97E-C049-4639-A161-897427EA6952}"
EndProject
Project("{FAE04EC0-301F-11D3-BF4B-00C04F79EFBC}") = "XVPLuaGen", "XVPLuaGen\XVPLuaGen.csproj", "{95D78AEA-FEE7-4537-AB56-067B1758351B}"
EndProject
Project("{FAE04EC0-301F-11D3-BF4B-00C04F79EFBC}") = "CreateScriptBindings", "CreateScriptBindings\CreateScriptBindings.csproj", "{4E73FBE2-C97A-4206-B693-BA48A95089C1}"
EndProject
Global
	GlobalSection(SolutionConfigurationPlatforms) = preSolution
		Debug|Any CPU = Debug|Any CPU
		Debug|Mixed Platforms = Debug|Mixed Platforms
		Debug|Win32 = Debug|Win32
		Debug|x64 = Debug|x64
		DebugEditor|Any CPU = DebugEditor|Any CPU
		DebugEditor|Mixed Platforms = DebugEditor|Mixed Platforms
		DebugEditor|Win32 = DebugEditor|Win32
		DebugEditor|x64 = DebugEditor|x64
		DebugPC|Any CPU = DebugPC|Any CPU
		DebugPC|Mixed Platforms = DebugPC|Mixed Platforms
		DebugPC|Win32 = DebugPC|Win32
		DebugPC|x64 = DebugPC|x64
		DebugSetup|Any CPU = DebugSetup|Any CPU
		DebugSetup|Mixed Platforms = DebugSetup|Mixed Platforms
		DebugSetup|Win32 = DebugSetup|Win32
		DebugSetup|x64 = DebugSetup|x64
		FinalPC|Any CPU = FinalPC|Any CPU
		FinalPC|Mixed Platforms = FinalPC|Mixed Platforms
		FinalPC|Win32 = FinalPC|Win32
		FinalPC|x64 = FinalPC|x64
		Release|Any CPU = Release|Any CPU
		Release|Mixed Platforms = Release|Mixed Platforms
		Release|Win32 = Release|Win32
		Release|x64 = Release|x64
		ReleaseEditor|Any CPU = ReleaseEditor|Any CPU
		ReleaseEditor|Mixed Platforms = ReleaseEditor|Mixed Platforms
		ReleaseEditor|Win32 = ReleaseEditor|Win32
		ReleaseEditor|x64 = ReleaseEditor|x64
		ReleasePC|Any CPU = ReleasePC|Any CPU
		ReleasePC|Mixed Platforms = ReleasePC|Mixed Platforms
		ReleasePC|Win32 = ReleasePC|Win32
		ReleasePC|x64 = ReleasePC|x64
	EndGlobalSection
	GlobalSection(ProjectConfigurationPlatforms) = postSolution
		{FFACE166-E600-452C-BE53-680D2C62C0C3}.Debug|Any CPU.ActiveCfg = DebugSetup|x64
		{FFACE166-E600-452C-BE53-680D2C62C0C3}.Debug|Mixed Platforms.ActiveCfg = DebugSetup|x64
		{FFACE166-E600-452C-BE53-680D2C62C0C3}.Debug|Mixed Platforms.Build.0 = DebugSetup|x64
		{FFACE166-E600-452C-BE53-680D2C62C0C3}.Debug|Win32.ActiveCfg = DebugSetup|x64
		{FFACE166-E600-452C-BE53-680D2C62C0C3}.Debug|x64.ActiveCfg = DebugSetup|x64
		{FFACE166-E600-452C-BE53-680D2C62C0C3}.Debug|x64.Build.0 = DebugSetup|x64
		{FFACE166-E600-452C-BE53-680D2C62C0C3}.DebugEditor|Any CPU.ActiveCfg = DebugEditor|x64
		{FFACE166-E600-452C-BE53-680D2C62C0C3}.DebugEditor|Mixed Platforms.ActiveCfg = DebugEditor|x64
		{FFACE166-E600-452C-BE53-680D2C62C0C3}.DebugEditor|Mixed Platforms.Build.0 = DebugEditor|x64
		{FFACE166-E600-452C-BE53-680D2C62C0C3}.DebugEditor|Win32.ActiveCfg = DebugEditor|Win32
		{FFACE166-E600-452C-BE53-680D2C62C0C3}.DebugEditor|Win32.Build.0 = DebugEditor|Win32
		{FFACE166-E600-452C-BE53-680D2C62C0C3}.DebugEditor|x64.ActiveCfg = DebugEditor|x64
		{FFACE166-E600-452C-BE53-680D2C62C0C3}.DebugEditor|x64.Build.0 = DebugEditor|x64
		{FFACE166-E600-452C-BE53-680D2C62C0C3}.DebugPC|Any CPU.ActiveCfg = DebugPC|x64
		{FFACE166-E600-452C-BE53-680D2C62C0C3}.DebugPC|Mixed Platforms.ActiveCfg = DebugPC|x64
		{FFACE166-E600-452C-BE53-680D2C62C0C3}.DebugPC|Mixed Platforms.Build.0 = DebugPC|x64
		{FFACE166-E600-452C-BE53-680D2C62C0C3}.DebugPC|Win32.ActiveCfg = DebugPC|Win32
		{FFACE166-E600-452C-BE53-680D2C62C0C3}.DebugPC|Win32.Build.0 = DebugPC|Win32
		{FFACE166-E600-452C-BE53-680D2C62C0C3}.DebugPC|x64.ActiveCfg = DebugPC|x64
		{FFACE166-E600-452C-BE53-680D2C62C0C3}.DebugPC|x64.Build.0 = DebugPC|x64
		{FFACE166-E600-452C-BE53-680D2C62C0C3}.DebugSetup|Any CPU.ActiveCfg = DebugSetup|x64
		{FFACE166-E600-452C-BE53-680D2C62C0C3}.DebugSetup|Mixed Platforms.ActiveCfg = DebugSetup|x64
		{FFACE166-E600-452C-BE53-680D2C62C0C3}.DebugSetup|Mixed Platforms.Build.0 = DebugSetup|x64
		{FFACE166-E600-452C-BE53-680D2C62C0C3}.DebugSetup|Win32.ActiveCfg = DebugSetup|Win32
		{FFACE166-E600-452C-BE53-680D2C62C0C3}.DebugSetup|Win32.Build.0 = DebugSetup|Win32
		{FFACE166-E600-452C-BE53-680D2C62C0C3}.DebugSetup|x64.ActiveCfg = DebugSetup|x64
		{FFACE166-E600-452C-BE53-680D2C62C0C3}.DebugSetup|x64.Build.0 = DebugSetup|x64
		{FFACE166-E600-452C-BE53-680D2C62C0C3}.FinalPC|Any CPU.ActiveCfg = FinalPC|x64
		{FFACE166-E600-452C-BE53-680D2C62C0C3}.FinalPC|Mixed Platforms.ActiveCfg = FinalPC|x64
		{FFACE166-E600-452C-BE53-680D2C62C0C3}.FinalPC|Mixed Platforms.Build.0 = FinalPC|x64
		{FFACE166-E600-452C-BE53-680D2C62C0C3}.FinalPC|Win32.ActiveCfg = FinalPC|Win32
		{FFACE166-E600-452C-BE53-680D2C62C0C3}.FinalPC|Win32.Build.0 = FinalPC|Win32
		{FFACE166-E600-452C-BE53-680D2C62C0C3}.FinalPC|x64.ActiveCfg = FinalPC|x64
		{FFACE166-E600-452C-BE53-680D2C62C0C3}.FinalPC|x64.Build.0 = FinalPC|x64
		{FFACE166-E600-452C-BE53-680D2C62C0C3}.Release|Any CPU.ActiveCfg = ReleasePC|x64
		{FFACE166-E600-452C-BE53-680D2C62C0C3}.Release|Mixed Platforms.ActiveCfg = ReleasePC|x64
		{FFACE166-E600-452C-BE53-680D2C62C0C3}.Release|Mixed Platforms.Build.0 = ReleasePC|x64
		{FFACE166-E600-452C-BE53-680D2C62C0C3}.Release|Win32.ActiveCfg = ReleasePC|x64
		{FFACE166-E600-452C-BE53-680D2C62C0C3}.Release|x64.ActiveCfg = ReleasePC|x64
		{FFACE166-E600-452C-BE53-680D2C62C0C3}.Release|x64.Build.0 = ReleasePC|x64
		{FFACE166-E600-452C-BE53-680D2C62C0C3}.ReleaseEditor|Any CPU.ActiveCfg = ReleaseEditor|x64
		{FFACE166-E600-452C-BE53-680D2C62C0C3}.ReleaseEditor|Mixed Platforms.ActiveCfg = ReleaseEditor|x64
		{FFACE166-E600-452C-BE53-680D2C62C0C3}.ReleaseEditor|Mixed Platforms.Build.0 = ReleaseEditor|x64
		{FFACE166-E600-452C-BE53-680D2C62C0C3}.ReleaseEditor|Win32.ActiveCfg = ReleaseEditor|Win32
		{FFACE166-E600-452C-BE53-680D2C62C0C3}.ReleaseEditor|Win32.Build.0 = ReleaseEditor|Win32
		{FFACE166-E600-452C-BE53-680D2C62C0C3}.ReleaseEditor|x64.ActiveCfg = ReleaseEditor|x64
		{FFACE166-E600-452C-BE53-680D2C62C0C3}.ReleaseEditor|x64.Build.0 = ReleaseEditor|x64
		{FFACE166-E600-452C-BE53-680D2C62C0C3}.ReleasePC|Any CPU.ActiveCfg = ReleasePC|x64
		{FFACE166-E600-452C-BE53-680D2C62C0C3}.ReleasePC|Mixed Platforms.ActiveCfg = ReleasePC|x64
		{FFACE166-E600-452C-BE53-680D2C62C0C3}.ReleasePC|Mixed Platforms.Build.0 = ReleasePC|x64
		{FFACE166-E600-452C-BE53-680D2C62C0C3}.ReleasePC|Win32.ActiveCfg = ReleasePC|Win32
		{FFACE166-E600-452C-BE53-680D2C62C0C3}.ReleasePC|Win32.Build.0 = ReleasePC|Win32
		{FFACE166-E600-452C-BE53-680D2C62C0C3}.ReleasePC|x64.ActiveCfg = ReleasePC|x64
		{FFACE166-E600-452C-BE53-680D2C62C0C3}.ReleasePC|x64.Build.0 = ReleasePC|x64
		{4CEE089F-4015-4834-A403-773F493AE5F7}.Debug|Any CPU.ActiveCfg = DebugSetup|x64
		{4CEE089F-4015-4834-A403-773F493AE5F7}.Debug|Mixed Platforms.ActiveCfg = DebugSetup|x64
		{4CEE089F-4015-4834-A403-773F493AE5F7}.Debug|Mixed Platforms.Build.0 = DebugSetup|x64
		{4CEE089F-4015-4834-A403-773F493AE5F7}.Debug|Win32.ActiveCfg = DebugSetup|x64
		{4CEE089F-4015-4834-A403-773F493AE5F7}.Debug|x64.ActiveCfg = DebugSetup|x64
		{4CEE089F-4015-4834-A403-773F493AE5F7}.Debug|x64.Build.0 = DebugSetup|x64
		{4CEE089F-4015-4834-A403-773F493AE5F7}.DebugEditor|Any CPU.ActiveCfg = DebugSetup|x64
		{4CEE089F-4015-4834-A403-773F493AE5F7}.DebugEditor|Mixed Platforms.ActiveCfg = DebugSetup|x64
		{4CEE089F-4015-4834-A403-773F493AE5F7}.DebugEditor|Mixed Platforms.Build.0 = DebugSetup|x64
		{4CEE089F-4015-4834-A403-773F493AE5F7}.DebugEditor|Win32.ActiveCfg = DebugPC|Win32
		{4CEE089F-4015-4834-A403-773F493AE5F7}.DebugEditor|x64.ActiveCfg = DebugSetup|x64
		{4CEE089F-4015-4834-A403-773F493AE5F7}.DebugEditor|x64.Build.0 = DebugSetup|x64
		{4CEE089F-4015-4834-A403-773F493AE5F7}.DebugPC|Any CPU.ActiveCfg = DebugPC|x64
		{4CEE089F-4015-4834-A403-773F493AE5F7}.DebugPC|Mixed Platforms.ActiveCfg = DebugPC|x64
		{4CEE089F-4015-4834-A403-773F493AE5F7}.DebugPC|Mixed Platforms.Build.0 = DebugPC|x64
		{4CEE089F-4015-4834-A403-773F493AE5F7}.DebugPC|Win32.ActiveCfg = DebugPC|Win32
		{4CEE089F-4015-4834-A403-773F493AE5F7}.DebugPC|Win32.Build.0 = DebugPC|Win32
		{4CEE089F-4015-4834-A403-773F493AE5F7}.DebugPC|x64.ActiveCfg = DebugPC|x64
		{4CEE089F-4015-4834-A403-773F493AE5F7}.DebugPC|x64.Build.0 = DebugPC|x64
		{4CEE089F-4015-4834-A403-773F493AE5F7}.DebugSetup|Any CPU.ActiveCfg = DebugSetup|x64
		{4CEE089F-4015-4834-A403-773F493AE5F7}.DebugSetup|Mixed Platforms.ActiveCfg = DebugSetup|x64
		{4CEE089F-4015-4834-A403-773F493AE5F7}.DebugSetup|Mixed Platforms.Build.0 = DebugSetup|x64
		{4CEE089F-4015-4834-A403-773F493AE5F7}.DebugSetup|Win32.ActiveCfg = DebugSetup|Win32
		{4CEE089F-4015-4834-A403-773F493AE5F7}.DebugSetup|Win32.Build.0 = DebugSetup|Win32
		{4CEE089F-4015-4834-A403-773F493AE5F7}.DebugSetup|x64.ActiveCfg = DebugSetup|x64
		{4CEE089F-4015-4834-A403-773F493AE5F7}.DebugSetup|x64.Build.0 = DebugSetup|x64
		{4CEE089F-4015-4834-A403-773F493AE5F7}.FinalPC|Any CPU.ActiveCfg = FinalPC|x64
		{4CEE089F-4015-4834-A403-773F493AE5F7}.FinalPC|Mixed Platforms.ActiveCfg = FinalPC|x64
		{4CEE089F-4015-4834-A403-773F493AE5F7}.FinalPC|Mixed Platforms.Build.0 = FinalPC|x64
		{4CEE089F-4015-4834-A403-773F493AE5F7}.FinalPC|Win32.ActiveCfg = FinalPC|Win32
		{4CEE089F-4015-4834-A403-773F493AE5F7}.FinalPC|Win32.Build.0 = FinalPC|Win32
		{4CEE089F-4015-4834-A403-773F493AE5F7}.FinalPC|x64.ActiveCfg = FinalPC|x64
		{4CEE089F-4015-4834-A403-773F493AE5F7}.FinalPC|x64.Build.0 = FinalPC|x64
		{4CEE089F-4015-4834-A403-773F493AE5F7}.Release|Any CPU.ActiveCfg = ReleasePC|x64
		{4CEE089F-4015-4834-A403-773F493AE5F7}.Release|Mixed Platforms.ActiveCfg = ReleasePC|x64
		{4CEE089F-4015-4834-A403-773F493AE5F7}.Release|Mixed Platforms.Build.0 = ReleasePC|x64
		{4CEE089F-4015-4834-A403-773F493AE5F7}.Release|Win32.ActiveCfg = ReleasePC|x64
		{4CEE089F-4015-4834-A403-773F493AE5F7}.Release|x64.ActiveCfg = ReleasePC|x64
		{4CEE089F-4015-4834-A403-773F493AE5F7}.Release|x64.Build.0 = ReleasePC|x64
		{4CEE089F-4015-4834-A403-773F493AE5F7}.ReleaseEditor|Any CPU.ActiveCfg = ReleasePC|x64
		{4CEE089F-4015-4834-A403-773F493AE5F7}.ReleaseEditor|Mixed Platforms.ActiveCfg = ReleasePC|x64
		{4CEE089F-4015-4834-A403-773F493AE5F7}.ReleaseEditor|Mixed Platforms.Build.0 = ReleasePC|x64
		{4CEE089F-4015-4834-A403-773F493AE5F7}.ReleaseEditor|Win32.ActiveCfg = ReleasePC|x64
		{4CEE089F-4015-4834-A403-773F493AE5F7}.ReleaseEditor|x64.ActiveCfg = ReleasePC|x64
		{4CEE089F-4015-4834-A403-773F493AE5F7}.ReleaseEditor|x64.Build.0 = ReleasePC|x64
		{4CEE089F-4015-4834-A403-773F493AE5F7}.ReleasePC|Any CPU.ActiveCfg = ReleasePC|x64
		{4CEE089F-4015-4834-A403-773F493AE5F7}.ReleasePC|Mixed Platforms.ActiveCfg = ReleasePC|x64
		{4CEE089F-4015-4834-A403-773F493AE5F7}.ReleasePC|Mixed Platforms.Build.0 = ReleasePC|x64
		{4CEE089F-4015-4834-A403-773F493AE5F7}.ReleasePC|Win32.ActiveCfg = ReleasePC|Win32
		{4CEE089F-4015-4834-A403-773F493AE5F7}.ReleasePC|Win32.Build.0 = ReleasePC|Win32
		{4CEE089F-4015-4834-A403-773F493AE5F7}.ReleasePC|x64.ActiveCfg = ReleasePC|x64
		{4CEE089F-4015-4834-A403-773F493AE5F7}.ReleasePC|x64.Build.0 = ReleasePC|x64
		{56A32BA8-F806-4C08-B9F8-441EF04ADD36}.Debug|Any CPU.ActiveCfg = Debug|Any CPU
		{56A32BA8-F806-4C08-B9F8-441EF04ADD36}.Debug|Any CPU.Build.0 = Debug|Any CPU
		{56A32BA8-F806-4C08-B9F8-441EF04ADD36}.Debug|Mixed Platforms.ActiveCfg = Debug|Any CPU
		{56A32BA8-F806-4C08-B9F8-441EF04ADD36}.Debug|Mixed Platforms.Build.0 = Debug|Any CPU
		{56A32BA8-F806-4C08-B9F8-441EF04ADD36}.Debug|Win32.ActiveCfg = Debug|Any CPU
		{56A32BA8-F806-4C08-B9F8-441EF04ADD36}.Debug|x64.ActiveCfg = Debug|Any CPU
		{56A32BA8-F806-4C08-B9F8-441EF04ADD36}.DebugEditor|Any CPU.ActiveCfg = Debug|Any CPU
		{56A32BA8-F806-4C08-B9F8-441EF04ADD36}.DebugEditor|Any CPU.Build.0 = Debug|Any CPU
		{56A32BA8-F806-4C08-B9F8-441EF04ADD36}.DebugEditor|Mixed Platforms.ActiveCfg = Debug|Any CPU
		{56A32BA8-F806-4C08-B9F8-441EF04ADD36}.DebugEditor|Mixed Platforms.Build.0 = Debug|Any CPU
		{56A32BA8-F806-4C08-B9F8-441EF04ADD36}.DebugEditor|Win32.ActiveCfg = Debug|Any CPU
		{56A32BA8-F806-4C08-B9F8-441EF04ADD36}.DebugEditor|x64.ActiveCfg = Debug|Any CPU
		{56A32BA8-F806-4C08-B9F8-441EF04ADD36}.DebugPC|Any CPU.ActiveCfg = Debug|Any CPU
		{56A32BA8-F806-4C08-B9F8-441EF04ADD36}.DebugPC|Any CPU.Build.0 = Debug|Any CPU
		{56A32BA8-F806-4C08-B9F8-441EF04ADD36}.DebugPC|Mixed Platforms.ActiveCfg = Debug|Any CPU
		{56A32BA8-F806-4C08-B9F8-441EF04ADD36}.DebugPC|Mixed Platforms.Build.0 = Debug|Any CPU
		{56A32BA8-F806-4C08-B9F8-441EF04ADD36}.DebugPC|Win32.ActiveCfg = Debug|Any CPU
		{56A32BA8-F806-4C08-B9F8-441EF04ADD36}.DebugPC|x64.ActiveCfg = Debug|Any CPU
		{56A32BA8-F806-4C08-B9F8-441EF04ADD36}.DebugSetup|Any CPU.ActiveCfg = Debug|Any CPU
		{56A32BA8-F806-4C08-B9F8-441EF04ADD36}.DebugSetup|Any CPU.Build.0 = Debug|Any CPU
		{56A32BA8-F806-4C08-B9F8-441EF04ADD36}.DebugSetup|Mixed Platforms.ActiveCfg = Debug|Any CPU
		{56A32BA8-F806-4C08-B9F8-441EF04ADD36}.DebugSetup|Mixed Platforms.Build.0 = Debug|Any CPU
		{56A32BA8-F806-4C08-B9F8-441EF04ADD36}.DebugSetup|Win32.ActiveCfg = Debug|Any CPU
		{56A32BA8-F806-4C08-B9F8-441EF04ADD36}.DebugSetup|x64.ActiveCfg = Debug|Any CPU
		{56A32BA8-F806-4C08-B9F8-441EF04ADD36}.FinalPC|Any CPU.ActiveCfg = Release|Any CPU
		{56A32BA8-F806-4C08-B9F8-441EF04ADD36}.FinalPC|Any CPU.Build.0 = Release|Any CPU
		{56A32BA8-F806-4C08-B9F8-441EF04ADD36}.FinalPC|Mixed Platforms.ActiveCfg = Release|Any CPU
		{56A32BA8-F806-4C08-B9F8-441EF04ADD36}.FinalPC|Mixed Platforms.Build.0 = Release|Any CPU
		{56A32BA8-F806-4C08-B9F8-441EF04ADD36}.FinalPC|Win32.ActiveCfg = Release|Any CPU
		{56A32BA8-F806-4C08-B9F8-441EF04ADD36}.FinalPC|x64.ActiveCfg = Release|Any CPU
		{56A32BA8-F806-4C08-B9F8-441EF04ADD36}.Release|Any CPU.ActiveCfg = Release|Any CPU
		{56A32BA8-F806-4C08-B9F8-441EF04ADD36}.Release|Any CPU.Build.0 = Release|Any CPU
		{56A32BA8-F806-4C08-B9F8-441EF04ADD36}.Release|Mixed Platforms.ActiveCfg = Release|Any CPU
		{56A32BA8-F806-4C08-B9F8-441EF04ADD36}.Release|Mixed Platforms.Build.0 = Release|Any CPU
		{56A32BA8-F806-4C08-B9F8-441EF04ADD36}.Release|Win32.ActiveCfg = Release|Any CPU
		{56A32BA8-F806-4C08-B9F8-441EF04ADD36}.Release|x64.ActiveCfg = Release|Any CPU
		{56A32BA8-F806-4C08-B9F8-441EF04ADD36}.ReleaseEditor|Any CPU.ActiveCfg = Release|Any CPU
		{56A32BA8-F806-4C08-B9F8-441EF04ADD36}.ReleaseEditor|Any CPU.Build.0 = Release|Any CPU
		{56A32BA8-F806-4C08-B9F8-441EF04ADD36}.ReleaseEditor|Mixed Platforms.ActiveCfg = Release|Any CPU
		{56A32BA8-F806-4C08-B9F8-441EF04ADD36}.ReleaseEditor|Mixed Platforms.Build.0 = Release|Any CPU
		{56A32BA8-F806-4C08-B9F8-441EF04ADD36}.ReleaseEditor|Win32.ActiveCfg = Release|Any CPU
		{56A32BA8-F806-4C08-B9F8-441EF04ADD36}.ReleaseEditor|x64.ActiveCfg = Release|Any CPU
		{56A32BA8-F806-4C08-B9F8-441EF04ADD36}.ReleasePC|Any CPU.ActiveCfg = Release|Any CPU
		{56A32BA8-F806-4C08-B9F8-441EF04ADD36}.ReleasePC|Any CPU.Build.0 = Release|Any CPU
		{56A32BA8-F806-4C08-B9F8-441EF04ADD36}.ReleasePC|Mixed Platforms.ActiveCfg = Release|Any CPU
		{56A32BA8-F806-4C08-B9F8-441EF04ADD36}.ReleasePC|Mixed Platforms.Build.0 = Release|Any CPU
		{56A32BA8-F806-4C08-B9F8-441EF04ADD36}.ReleasePC|Win32.ActiveCfg = Release|Any CPU
		{56A32BA8-F806-4C08-B9F8-441EF04ADD36}.ReleasePC|x64.ActiveCfg = Release|Any CPU
		{D88A65AF-A0AA-4DD4-A726-794C160FCC11}.Debug|Any CPU.ActiveCfg = Debug|Any CPU
		{D88A65AF-A0AA-4DD4-A726-794C160FCC11}.Debug|Any CPU.Build.0 = Debug|Any CPU
		{D88A65AF-A0AA-4DD4-A726-794C160FCC11}.Debug|Mixed Platforms.ActiveCfg = Debug|Any CPU
		{D88A65AF-A0AA-4DD4-A726-794C160FCC11}.Debug|Mixed Platforms.Build.0 = Debug|Any CPU
		{D88A65AF-A0AA-4DD4-A726-794C160FCC11}.Debug|Win32.ActiveCfg = Debug|Any CPU
		{D88A65AF-A0AA-4DD4-A726-794C160FCC11}.Debug|x64.ActiveCfg = Debug|Any CPU
		{D88A65AF-A0AA-4DD4-A726-794C160FCC11}.DebugEditor|Any CPU.ActiveCfg = DebugSetup|Any CPU
		{D88A65AF-A0AA-4DD4-A726-794C160FCC11}.DebugEditor|Any CPU.Build.0 = DebugSetup|Any CPU
		{D88A65AF-A0AA-4DD4-A726-794C160FCC11}.DebugEditor|Mixed Platforms.ActiveCfg = DebugSetup|Any CPU
		{D88A65AF-A0AA-4DD4-A726-794C160FCC11}.DebugEditor|Mixed Platforms.Build.0 = DebugSetup|Any CPU
		{D88A65AF-A0AA-4DD4-A726-794C160FCC11}.DebugEditor|Win32.ActiveCfg = Debug|Any CPU
		{D88A65AF-A0AA-4DD4-A726-794C160FCC11}.DebugEditor|x64.ActiveCfg = DebugSetup|Any CPU
		{D88A65AF-A0AA-4DD4-A726-794C160FCC11}.DebugPC|Any CPU.ActiveCfg = DebugSetup|Any CPU
		{D88A65AF-A0AA-4DD4-A726-794C160FCC11}.DebugPC|Any CPU.Build.0 = DebugSetup|Any CPU
		{D88A65AF-A0AA-4DD4-A726-794C160FCC11}.DebugPC|Mixed Platforms.ActiveCfg = DebugSetup|Any CPU
		{D88A65AF-A0AA-4DD4-A726-794C160FCC11}.DebugPC|Mixed Platforms.Build.0 = DebugSetup|Any CPU
		{D88A65AF-A0AA-4DD4-A726-794C160FCC11}.DebugPC|Win32.ActiveCfg = Debug|Any CPU
		{D88A65AF-A0AA-4DD4-A726-794C160FCC11}.DebugPC|x64.ActiveCfg = DebugSetup|Any CPU
		{D88A65AF-A0AA-4DD4-A726-794C160FCC11}.DebugSetup|Any CPU.ActiveCfg = DebugSetup|Any CPU
		{D88A65AF-A0AA-4DD4-A726-794C160FCC11}.DebugSetup|Any CPU.Build.0 = DebugSetup|Any CPU
		{D88A65AF-A0AA-4DD4-A726-794C160FCC11}.DebugSetup|Mixed Platforms.ActiveCfg = DebugSetup|Any CPU
		{D88A65AF-A0AA-4DD4-A726-794C160FCC11}.DebugSetup|Mixed Platforms.Build.0 = DebugSetup|Any CPU
		{D88A65AF-A0AA-4DD4-A726-794C160FCC11}.DebugSetup|Win32.ActiveCfg = DebugSetup|Any CPU
		{D88A65AF-A0AA-4DD4-A726-794C160FCC11}.DebugSetup|x64.ActiveCfg = DebugSetup|Any CPU
		{D88A65AF-A0AA-4DD4-A726-794C160FCC11}.FinalPC|Any CPU.ActiveCfg = DebugSetup|Any CPU
		{D88A65AF-A0AA-4DD4-A726-794C160FCC11}.FinalPC|Any CPU.Build.0 = DebugSetup|Any CPU
		{D88A65AF-A0AA-4DD4-A726-794C160FCC11}.FinalPC|Mixed Platforms.ActiveCfg = DebugSetup|Any CPU
		{D88A65AF-A0AA-4DD4-A726-794C160FCC11}.FinalPC|Mixed Platforms.Build.0 = DebugSetup|Any CPU
		{D88A65AF-A0AA-4DD4-A726-794C160FCC11}.FinalPC|Win32.ActiveCfg = DebugSetup|Any CPU
		{D88A65AF-A0AA-4DD4-A726-794C160FCC11}.FinalPC|x64.ActiveCfg = DebugSetup|Any CPU
		{D88A65AF-A0AA-4DD4-A726-794C160FCC11}.Release|Any CPU.ActiveCfg = Release|Any CPU
		{D88A65AF-A0AA-4DD4-A726-794C160FCC11}.Release|Any CPU.Build.0 = Release|Any CPU
		{D88A65AF-A0AA-4DD4-A726-794C160FCC11}.Release|Mixed Platforms.ActiveCfg = Release|Any CPU
		{D88A65AF-A0AA-4DD4-A726-794C160FCC11}.Release|Mixed Platforms.Build.0 = Release|Any CPU
		{D88A65AF-A0AA-4DD4-A726-794C160FCC11}.Release|Win32.ActiveCfg = Release|Any CPU
		{D88A65AF-A0AA-4DD4-A726-794C160FCC11}.Release|x64.ActiveCfg = Release|Any CPU
		{D88A65AF-A0AA-4DD4-A726-794C160FCC11}.ReleaseEditor|Any CPU.ActiveCfg = Release|Any CPU
		{D88A65AF-A0AA-4DD4-A726-794C160FCC11}.ReleaseEditor|Any CPU.Build.0 = Release|Any CPU
		{D88A65AF-A0AA-4DD4-A726-794C160FCC11}.ReleaseEditor|Mixed Platforms.ActiveCfg = Release|Any CPU
		{D88A65AF-A0AA-4DD4-A726-794C160FCC11}.ReleaseEditor|Mixed Platforms.Build.0 = Release|Any CPU
		{D88A65AF-A0AA-4DD4-A726-794C160FCC11}.ReleaseEditor|Win32.ActiveCfg = Release|Any CPU
		{D88A65AF-A0AA-4DD4-A726-794C160FCC11}.ReleaseEditor|x64.ActiveCfg = Release|Any CPU
		{D88A65AF-A0AA-4DD4-A726-794C160FCC11}.ReleasePC|Any CPU.ActiveCfg = Release|Any CPU
		{D88A65AF-A0AA-4DD4-A726-794C160FCC11}.ReleasePC|Any CPU.Build.0 = Release|Any CPU
		{D88A65AF-A0AA-4DD4-A726-794C160FCC11}.ReleasePC|Mixed Platforms.ActiveCfg = Release|Any CPU
		{D88A65AF-A0AA-4DD4-A726-794C160FCC11}.ReleasePC|Mixed Platforms.Build.0 = Release|Any CPU
		{D88A65AF-A0AA-4DD4-A726-794C160FCC11}.ReleasePC|Win32.ActiveCfg = Release|Any CPU
		{D88A65AF-A0AA-4DD4-A726-794C160FCC11}.ReleasePC|x64.ActiveCfg = Release|Any CPU
		{60BE201A-EE33-4BCF-9D5B-09F5BE977885}.Debug|Any CPU.ActiveCfg = Debug|Any CPU
		{60BE201A-EE33-4BCF-9D5B-09F5BE977885}.Debug|Any CPU.Build.0 = Debug|Any CPU
		{60BE201A-EE33-4BCF-9D5B-09F5BE977885}.Debug|Mixed Platforms.ActiveCfg = Debug|Any CPU
		{60BE201A-EE33-4BCF-9D5B-09F5BE977885}.Debug|Mixed Platforms.Build.0 = Debug|Any CPU
		{60BE201A-EE33-4BCF-9D5B-09F5BE977885}.Debug|Win32.ActiveCfg = Debug|Any CPU
		{60BE201A-EE33-4BCF-9D5B-09F5BE977885}.Debug|x64.ActiveCfg = Debug|Any CPU
		{60BE201A-EE33-4BCF-9D5B-09F5BE977885}.DebugEditor|Any CPU.ActiveCfg = DebugSetup|Any CPU
		{60BE201A-EE33-4BCF-9D5B-09F5BE977885}.DebugEditor|Any CPU.Build.0 = DebugSetup|Any CPU
		{60BE201A-EE33-4BCF-9D5B-09F5BE977885}.DebugEditor|Mixed Platforms.ActiveCfg = DebugSetup|Any CPU
		{60BE201A-EE33-4BCF-9D5B-09F5BE977885}.DebugEditor|Mixed Platforms.Build.0 = DebugSetup|Any CPU
		{60BE201A-EE33-4BCF-9D5B-09F5BE977885}.DebugEditor|Win32.ActiveCfg = Debug|Any CPU
		{60BE201A-EE33-4BCF-9D5B-09F5BE977885}.DebugEditor|x64.ActiveCfg = DebugSetup|Any CPU
		{60BE201A-EE33-4BCF-9D5B-09F5BE977885}.DebugPC|Any CPU.ActiveCfg = DebugSetup|Any CPU
		{60BE201A-EE33-4BCF-9D5B-09F5BE977885}.DebugPC|Any CPU.Build.0 = DebugSetup|Any CPU
		{60BE201A-EE33-4BCF-9D5B-09F5BE977885}.DebugPC|Mixed Platforms.ActiveCfg = DebugSetup|Any CPU
		{60BE201A-EE33-4BCF-9D5B-09F5BE977885}.DebugPC|Mixed Platforms.Build.0 = DebugSetup|Any CPU
		{60BE201A-EE33-4BCF-9D5B-09F5BE977885}.DebugPC|Win32.ActiveCfg = Debug|Any CPU
		{60BE201A-EE33-4BCF-9D5B-09F5BE977885}.DebugPC|x64.ActiveCfg = DebugSetup|Any CPU
		{60BE201A-EE33-4BCF-9D5B-09F5BE977885}.DebugSetup|Any CPU.ActiveCfg = DebugSetup|Any CPU
		{60BE201A-EE33-4BCF-9D5B-09F5BE977885}.DebugSetup|Any CPU.Build.0 = DebugSetup|Any CPU
		{60BE201A-EE33-4BCF-9D5B-09F5BE977885}.DebugSetup|Mixed Platforms.ActiveCfg = DebugSetup|Any CPU
		{60BE201A-EE33-4BCF-9D5B-09F5BE977885}.DebugSetup|Mixed Platforms.Build.0 = DebugSetup|Any CPU
		{60BE201A-EE33-4BCF-9D5B-09F5BE977885}.DebugSetup|Win32.ActiveCfg = DebugSetup|Any CPU
		{60BE201A-EE33-4BCF-9D5B-09F5BE977885}.DebugSetup|x64.ActiveCfg = DebugSetup|Any CPU
		{60BE201A-EE33-4BCF-9D5B-09F5BE977885}.FinalPC|Any CPU.ActiveCfg = DebugSetup|Any CPU
		{60BE201A-EE33-4BCF-9D5B-09F5BE977885}.FinalPC|Any CPU.Build.0 = DebugSetup|Any CPU
		{60BE201A-EE33-4BCF-9D5B-09F5BE977885}.FinalPC|Mixed Platforms.ActiveCfg = DebugSetup|Any CPU
		{60BE201A-EE33-4BCF-9D5B-09F5BE977885}.FinalPC|Mixed Platforms.Build.0 = DebugSetup|Any CPU
		{60BE201A-EE33-4BCF-9D5B-09F5BE977885}.FinalPC|Win32.ActiveCfg = DebugSetup|Any CPU
		{60BE201A-EE33-4BCF-9D5B-09F5BE977885}.FinalPC|x64.ActiveCfg = DebugSetup|Any CPU
		{60BE201A-EE33-4BCF-9D5B-09F5BE977885}.Release|Any CPU.ActiveCfg = Release|Any CPU
		{60BE201A-EE33-4BCF-9D5B-09F5BE977885}.Release|Any CPU.Build.0 = Release|Any CPU
		{60BE201A-EE33-4BCF-9D5B-09F5BE977885}.Release|Mixed Platforms.ActiveCfg = Release|Any CPU
		{60BE201A-EE33-4BCF-9D5B-09F5BE977885}.Release|Mixed Platforms.Build.0 = Release|Any CPU
		{60BE201A-EE33-4BCF-9D5B-09F5BE977885}.Release|Win32.ActiveCfg = Release|Any CPU
		{60BE201A-EE33-4BCF-9D5B-09F5BE977885}.Release|x64.ActiveCfg = Release|Any CPU
		{60BE201A-EE33-4BCF-9D5B-09F5BE977885}.ReleaseEditor|Any CPU.ActiveCfg = Release|Any CPU
		{60BE201A-EE33-4BCF-9D5B-09F5BE977885}.ReleaseEditor|Any CPU.Build.0 = Release|Any CPU
		{60BE201A-EE33-4BCF-9D5B-09F5BE977885}.ReleaseEditor|Mixed Platforms.ActiveCfg = Release|Any CPU
		{60BE201A-EE33-4BCF-9D5B-09F5BE977885}.ReleaseEditor|Mixed Platforms.Build.0 = Release|Any CPU
		{60BE201A-EE33-4BCF-9D5B-09F5BE977885}.ReleaseEditor|Win32.ActiveCfg = Release|Any CPU
		{60BE201A-EE33-4BCF-9D5B-09F5BE977885}.ReleaseEditor|x64.ActiveCfg = Release|Any CPU
		{60BE201A-EE33-4BCF-9D5B-09F5BE977885}.ReleasePC|Any CPU.ActiveCfg = Release|Any CPU
		{60BE201A-EE33-4BCF-9D5B-09F5BE977885}.ReleasePC|Any CPU.Build.0 = Release|Any CPU
		{60BE201A-EE33-4BCF-9D5B-09F5BE977885}.ReleasePC|Mixed Platforms.ActiveCfg = Release|Any CPU
		{60BE201A-EE33-4BCF-9D5B-09F5BE977885}.ReleasePC|Mixed Platforms.Build.0 = Release|Any CPU
		{60BE201A-EE33-4BCF-9D5B-09F5BE977885}.ReleasePC|Win32.ActiveCfg = Release|Any CPU
		{60BE201A-EE33-4BCF-9D5B-09F5BE977885}.ReleasePC|x64.ActiveCfg = Release|Any CPU
		{8DB84167-99F7-4D71-B95F-F11D58838EF3}.Debug|Any CPU.ActiveCfg = Debug|Any CPU
		{8DB84167-99F7-4D71-B95F-F11D58838EF3}.Debug|Any CPU.Build.0 = Debug|Any CPU
		{8DB84167-99F7-4D71-B95F-F11D58838EF3}.Debug|Mixed Platforms.ActiveCfg = Debug|Any CPU
		{8DB84167-99F7-4D71-B95F-F11D58838EF3}.Debug|Mixed Platforms.Build.0 = Debug|Any CPU
		{8DB84167-99F7-4D71-B95F-F11D58838EF3}.Debug|Win32.ActiveCfg = Debug|Any CPU
		{8DB84167-99F7-4D71-B95F-F11D58838EF3}.Debug|x64.ActiveCfg = Debug|Any CPU
		{8DB84167-99F7-4D71-B95F-F11D58838EF3}.DebugEditor|Any CPU.ActiveCfg = DebugSetup|Any CPU
		{8DB84167-99F7-4D71-B95F-F11D58838EF3}.DebugEditor|Any CPU.Build.0 = DebugSetup|Any CPU
		{8DB84167-99F7-4D71-B95F-F11D58838EF3}.DebugEditor|Mixed Platforms.ActiveCfg = DebugSetup|Any CPU
		{8DB84167-99F7-4D71-B95F-F11D58838EF3}.DebugEditor|Mixed Platforms.Build.0 = DebugSetup|Any CPU
		{8DB84167-99F7-4D71-B95F-F11D58838EF3}.DebugEditor|Win32.ActiveCfg = Debug|Any CPU
		{8DB84167-99F7-4D71-B95F-F11D58838EF3}.DebugEditor|x64.ActiveCfg = DebugSetup|Any CPU
		{8DB84167-99F7-4D71-B95F-F11D58838EF3}.DebugPC|Any CPU.ActiveCfg = DebugSetup|Any CPU
		{8DB84167-99F7-4D71-B95F-F11D58838EF3}.DebugPC|Any CPU.Build.0 = DebugSetup|Any CPU
		{8DB84167-99F7-4D71-B95F-F11D58838EF3}.DebugPC|Mixed Platforms.ActiveCfg = DebugSetup|Any CPU
		{8DB84167-99F7-4D71-B95F-F11D58838EF3}.DebugPC|Mixed Platforms.Build.0 = DebugSetup|Any CPU
		{8DB84167-99F7-4D71-B95F-F11D58838EF3}.DebugPC|Win32.ActiveCfg = Debug|Any CPU
		{8DB84167-99F7-4D71-B95F-F11D58838EF3}.DebugPC|x64.ActiveCfg = DebugSetup|Any CPU
		{8DB84167-99F7-4D71-B95F-F11D58838EF3}.DebugSetup|Any CPU.ActiveCfg = DebugSetup|Any CPU
		{8DB84167-99F7-4D71-B95F-F11D58838EF3}.DebugSetup|Any CPU.Build.0 = DebugSetup|Any CPU
		{8DB84167-99F7-4D71-B95F-F11D58838EF3}.DebugSetup|Mixed Platforms.ActiveCfg = DebugSetup|Any CPU
		{8DB84167-99F7-4D71-B95F-F11D58838EF3}.DebugSetup|Mixed Platforms.Build.0 = DebugSetup|Any CPU
		{8DB84167-99F7-4D71-B95F-F11D58838EF3}.DebugSetup|Win32.ActiveCfg = DebugSetup|Any CPU
		{8DB84167-99F7-4D71-B95F-F11D58838EF3}.DebugSetup|x64.ActiveCfg = DebugSetup|Any CPU
		{8DB84167-99F7-4D71-B95F-F11D58838EF3}.FinalPC|Any CPU.ActiveCfg = DebugSetup|Any CPU
		{8DB84167-99F7-4D71-B95F-F11D58838EF3}.FinalPC|Any CPU.Build.0 = DebugSetup|Any CPU
		{8DB84167-99F7-4D71-B95F-F11D58838EF3}.FinalPC|Mixed Platforms.ActiveCfg = DebugSetup|Any CPU
		{8DB84167-99F7-4D71-B95F-F11D58838EF3}.FinalPC|Mixed Platforms.Build.0 = DebugSetup|Any CPU
		{8DB84167-99F7-4D71-B95F-F11D58838EF3}.FinalPC|Win32.ActiveCfg = DebugSetup|Any CPU
		{8DB84167-99F7-4D71-B95F-F11D58838EF3}.FinalPC|x64.ActiveCfg = DebugSetup|Any CPU
		{8DB84167-99F7-4D71-B95F-F11D58838EF3}.Release|Any CPU.ActiveCfg = Release|Any CPU
		{8DB84167-99F7-4D71-B95F-F11D58838EF3}.Release|Any CPU.Build.0 = Release|Any CPU
		{8DB84167-99F7-4D71-B95F-F11D58838EF3}.Release|Mixed Platforms.ActiveCfg = Release|Any CPU
		{8DB84167-99F7-4D71-B95F-F11D58838EF3}.Release|Mixed Platforms.Build.0 = Release|Any CPU
		{8DB84167-99F7-4D71-B95F-F11D58838EF3}.Release|Win32.ActiveCfg = Release|Any CPU
		{8DB84167-99F7-4D71-B95F-F11D58838EF3}.Release|x64.ActiveCfg = Release|Any CPU
		{8DB84167-99F7-4D71-B95F-F11D58838EF3}.ReleaseEditor|Any CPU.ActiveCfg = Release|Any CPU
		{8DB84167-99F7-4D71-B95F-F11D58838EF3}.ReleaseEditor|Any CPU.Build.0 = Release|Any CPU
		{8DB84167-99F7-4D71-B95F-F11D58838EF3}.ReleaseEditor|Mixed Platforms.ActiveCfg = Release|Any CPU
		{8DB84167-99F7-4D71-B95F-F11D58838EF3}.ReleaseEditor|Mixed Platforms.Build.0 = Release|Any CPU
		{8DB84167-99F7-4D71-B95F-F11D58838EF3}.ReleaseEditor|Win32.ActiveCfg = Release|Any CPU
		{8DB84167-99F7-4D71-B95F-F11D58838EF3}.ReleaseEditor|x64.ActiveCfg = Release|Any CPU
		{8DB84167-99F7-4D71-B95F-F11D58838EF3}.ReleasePC|Any CPU.ActiveCfg = Release|Any CPU
		{8DB84167-99F7-4D71-B95F-F11D58838EF3}.ReleasePC|Any CPU.Build.0 = Release|Any CPU
		{8DB84167-99F7-4D71-B95F-F11D58838EF3}.ReleasePC|Mixed Platforms.ActiveCfg = Release|Any CPU
		{8DB84167-99F7-4D71-B95F-F11D58838EF3}.ReleasePC|Mixed Platforms.Build.0 = Release|Any CPU
		{8DB84167-99F7-4D71-B95F-F11D58838EF3}.ReleasePC|Win32.ActiveCfg = Release|Any CPU
		{8DB84167-99F7-4D71-B95F-F11D58838EF3}.ReleasePC|x64.ActiveCfg = Release|Any CPU
		{8C61CE2A-6E87-4C57-A99E-FA590E917B94}.Debug|Any CPU.ActiveCfg = Debug|Any CPU
		{8C61CE2A-6E87-4C57-A99E-FA590E917B94}.Debug|Any CPU.Build.0 = Debug|Any CPU
		{8C61CE2A-6E87-4C57-A99E-FA590E917B94}.Debug|Mixed Platforms.ActiveCfg = Debug|Any CPU
		{8C61CE2A-6E87-4C57-A99E-FA590E917B94}.Debug|Mixed Platforms.Build.0 = Debug|Any CPU
		{8C61CE2A-6E87-4C57-A99E-FA590E917B94}.Debug|Win32.ActiveCfg = Debug|Any CPU
		{8C61CE2A-6E87-4C57-A99E-FA590E917B94}.Debug|x64.ActiveCfg = Debug|Any CPU
		{8C61CE2A-6E87-4C57-A99E-FA590E917B94}.DebugEditor|Any CPU.ActiveCfg = DebugSetup|Any CPU
		{8C61CE2A-6E87-4C57-A99E-FA590E917B94}.DebugEditor|Any CPU.Build.0 = DebugSetup|Any CPU
		{8C61CE2A-6E87-4C57-A99E-FA590E917B94}.DebugEditor|Mixed Platforms.ActiveCfg = DebugSetup|Any CPU
		{8C61CE2A-6E87-4C57-A99E-FA590E917B94}.DebugEditor|Mixed Platforms.Build.0 = DebugSetup|Any CPU
		{8C61CE2A-6E87-4C57-A99E-FA590E917B94}.DebugEditor|Win32.ActiveCfg = Debug|Any CPU
		{8C61CE2A-6E87-4C57-A99E-FA590E917B94}.DebugEditor|x64.ActiveCfg = DebugSetup|Any CPU
		{8C61CE2A-6E87-4C57-A99E-FA590E917B94}.DebugPC|Any CPU.ActiveCfg = DebugSetup|Any CPU
		{8C61CE2A-6E87-4C57-A99E-FA590E917B94}.DebugPC|Any CPU.Build.0 = DebugSetup|Any CPU
		{8C61CE2A-6E87-4C57-A99E-FA590E917B94}.DebugPC|Mixed Platforms.ActiveCfg = DebugSetup|Any CPU
		{8C61CE2A-6E87-4C57-A99E-FA590E917B94}.DebugPC|Mixed Platforms.Build.0 = DebugSetup|Any CPU
		{8C61CE2A-6E87-4C57-A99E-FA590E917B94}.DebugPC|Win32.ActiveCfg = Debug|Any CPU
		{8C61CE2A-6E87-4C57-A99E-FA590E917B94}.DebugPC|x64.ActiveCfg = DebugSetup|Any CPU
		{8C61CE2A-6E87-4C57-A99E-FA590E917B94}.DebugSetup|Any CPU.ActiveCfg = DebugSetup|Any CPU
		{8C61CE2A-6E87-4C57-A99E-FA590E917B94}.DebugSetup|Any CPU.Build.0 = DebugSetup|Any CPU
		{8C61CE2A-6E87-4C57-A99E-FA590E917B94}.DebugSetup|Mixed Platforms.ActiveCfg = DebugSetup|Any CPU
		{8C61CE2A-6E87-4C57-A99E-FA590E917B94}.DebugSetup|Mixed Platforms.Build.0 = DebugSetup|Any CPU
		{8C61CE2A-6E87-4C57-A99E-FA590E917B94}.DebugSetup|Win32.ActiveCfg = DebugSetup|Any CPU
		{8C61CE2A-6E87-4C57-A99E-FA590E917B94}.DebugSetup|x64.ActiveCfg = DebugSetup|Any CPU
		{8C61CE2A-6E87-4C57-A99E-FA590E917B94}.FinalPC|Any CPU.ActiveCfg = DebugSetup|Any CPU
		{8C61CE2A-6E87-4C57-A99E-FA590E917B94}.FinalPC|Any CPU.Build.0 = DebugSetup|Any CPU
		{8C61CE2A-6E87-4C57-A99E-FA590E917B94}.FinalPC|Mixed Platforms.ActiveCfg = DebugSetup|Any CPU
		{8C61CE2A-6E87-4C57-A99E-FA590E917B94}.FinalPC|Mixed Platforms.Build.0 = DebugSetup|Any CPU
		{8C61CE2A-6E87-4C57-A99E-FA590E917B94}.FinalPC|Win32.ActiveCfg = DebugSetup|Any CPU
		{8C61CE2A-6E87-4C57-A99E-FA590E917B94}.FinalPC|x64.ActiveCfg = DebugSetup|Any CPU
		{8C61CE2A-6E87-4C57-A99E-FA590E917B94}.Release|Any CPU.ActiveCfg = Release|Any CPU
		{8C61CE2A-6E87-4C57-A99E-FA590E917B94}.Release|Any CPU.Build.0 = Release|Any CPU
		{8C61CE2A-6E87-4C57-A99E-FA590E917B94}.Release|Mixed Platforms.ActiveCfg = Release|Any CPU
		{8C61CE2A-6E87-4C57-A99E-FA590E917B94}.Release|Mixed Platforms.Build.0 = Release|Any CPU
		{8C61CE2A-6E87-4C57-A99E-FA590E917B94}.Release|Win32.ActiveCfg = Release|Any CPU
		{8C61CE2A-6E87-4C57-A99E-FA590E917B94}.Release|x64.ActiveCfg = Release|Any CPU
		{8C61CE2A-6E87-4C57-A99E-FA590E917B94}.ReleaseEditor|Any CPU.ActiveCfg = Release|Any CPU
		{8C61CE2A-6E87-4C57-A99E-FA590E917B94}.ReleaseEditor|Any CPU.Build.0 = Release|Any CPU
		{8C61CE2A-6E87-4C57-A99E-FA590E917B94}.ReleaseEditor|Mixed Platforms.ActiveCfg = Release|Any CPU
		{8C61CE2A-6E87-4C57-A99E-FA590E917B94}.ReleaseEditor|Mixed Platforms.Build.0 = Release|Any CPU
		{8C61CE2A-6E87-4C57-A99E-FA590E917B94}.ReleaseEditor|Win32.ActiveCfg = Release|Any CPU
		{8C61CE2A-6E87-4C57-A99E-FA590E917B94}.ReleaseEditor|x64.ActiveCfg = Release|Any CPU
		{8C61CE2A-6E87-4C57-A99E-FA590E917B94}.ReleasePC|Any CPU.ActiveCfg = Release|Any CPU
		{8C61CE2A-6E87-4C57-A99E-FA590E917B94}.ReleasePC|Any CPU.Build.0 = Release|Any CPU
		{8C61CE2A-6E87-4C57-A99E-FA590E917B94}.ReleasePC|Mixed Platforms.ActiveCfg = Release|Any CPU
		{8C61CE2A-6E87-4C57-A99E-FA590E917B94}.ReleasePC|Mixed Platforms.Build.0 = Release|Any CPU
		{8C61CE2A-6E87-4C57-A99E-FA590E917B94}.ReleasePC|Win32.ActiveCfg = Release|Any CPU
		{8C61CE2A-6E87-4C57-A99E-FA590E917B94}.ReleasePC|x64.ActiveCfg = Release|Any CPU
		{029E0553-E9EC-4F64-B103-F3D0CDE8A0B2}.Debug|Any CPU.ActiveCfg = Debug|Any CPU
		{029E0553-E9EC-4F64-B103-F3D0CDE8A0B2}.Debug|Any CPU.Build.0 = Debug|Any CPU
		{029E0553-E9EC-4F64-B103-F3D0CDE8A0B2}.Debug|Mixed Platforms.ActiveCfg = Debug|Any CPU
		{029E0553-E9EC-4F64-B103-F3D0CDE8A0B2}.Debug|Mixed Platforms.Build.0 = Debug|Any CPU
		{029E0553-E9EC-4F64-B103-F3D0CDE8A0B2}.Debug|Win32.ActiveCfg = Debug|Any CPU
		{029E0553-E9EC-4F64-B103-F3D0CDE8A0B2}.Debug|x64.ActiveCfg = Debug|Any CPU
		{029E0553-E9EC-4F64-B103-F3D0CDE8A0B2}.DebugEditor|Any CPU.ActiveCfg = Debug|Any CPU
		{029E0553-E9EC-4F64-B103-F3D0CDE8A0B2}.DebugEditor|Any CPU.Build.0 = Debug|Any CPU
		{029E0553-E9EC-4F64-B103-F3D0CDE8A0B2}.DebugEditor|Mixed Platforms.ActiveCfg = Debug|Any CPU
		{029E0553-E9EC-4F64-B103-F3D0CDE8A0B2}.DebugEditor|Mixed Platforms.Build.0 = Debug|Any CPU
		{029E0553-E9EC-4F64-B103-F3D0CDE8A0B2}.DebugEditor|Win32.ActiveCfg = Debug|Any CPU
		{029E0553-E9EC-4F64-B103-F3D0CDE8A0B2}.DebugEditor|x64.ActiveCfg = Debug|Any CPU
		{029E0553-E9EC-4F64-B103-F3D0CDE8A0B2}.DebugPC|Any CPU.ActiveCfg = Debug|Any CPU
		{029E0553-E9EC-4F64-B103-F3D0CDE8A0B2}.DebugPC|Any CPU.Build.0 = Debug|Any CPU
		{029E0553-E9EC-4F64-B103-F3D0CDE8A0B2}.DebugPC|Mixed Platforms.ActiveCfg = Debug|Any CPU
		{029E0553-E9EC-4F64-B103-F3D0CDE8A0B2}.DebugPC|Mixed Platforms.Build.0 = Debug|Any CPU
		{029E0553-E9EC-4F64-B103-F3D0CDE8A0B2}.DebugPC|Win32.ActiveCfg = Debug|Any CPU
		{029E0553-E9EC-4F64-B103-F3D0CDE8A0B2}.DebugPC|x64.ActiveCfg = Debug|Any CPU
		{029E0553-E9EC-4F64-B103-F3D0CDE8A0B2}.DebugSetup|Any CPU.ActiveCfg = Debug|Any CPU
		{029E0553-E9EC-4F64-B103-F3D0CDE8A0B2}.DebugSetup|Any CPU.Build.0 = Debug|Any CPU
		{029E0553-E9EC-4F64-B103-F3D0CDE8A0B2}.DebugSetup|Mixed Platforms.ActiveCfg = Debug|Any CPU
		{029E0553-E9EC-4F64-B103-F3D0CDE8A0B2}.DebugSetup|Mixed Platforms.Build.0 = Debug|Any CPU
		{029E0553-E9EC-4F64-B103-F3D0CDE8A0B2}.DebugSetup|Win32.ActiveCfg = Debug|Any CPU
		{029E0553-E9EC-4F64-B103-F3D0CDE8A0B2}.DebugSetup|x64.ActiveCfg = Debug|Any CPU
		{029E0553-E9EC-4F64-B103-F3D0CDE8A0B2}.FinalPC|Any CPU.ActiveCfg = Release|Any CPU
		{029E0553-E9EC-4F64-B103-F3D0CDE8A0B2}.FinalPC|Any CPU.Build.0 = Release|Any CPU
		{029E0553-E9EC-4F64-B103-F3D0CDE8A0B2}.FinalPC|Mixed Platforms.ActiveCfg = Release|Any CPU
		{029E0553-E9EC-4F64-B103-F3D0CDE8A0B2}.FinalPC|Mixed Platforms.Build.0 = Release|Any CPU
		{029E0553-E9EC-4F64-B103-F3D0CDE8A0B2}.FinalPC|Win32.ActiveCfg = Release|Any CPU
		{029E0553-E9EC-4F64-B103-F3D0CDE8A0B2}.FinalPC|x64.ActiveCfg = Release|Any CPU
		{029E0553-E9EC-4F64-B103-F3D0CDE8A0B2}.Release|Any CPU.ActiveCfg = Release|Any CPU
		{029E0553-E9EC-4F64-B103-F3D0CDE8A0B2}.Release|Any CPU.Build.0 = Release|Any CPU
		{029E0553-E9EC-4F64-B103-F3D0CDE8A0B2}.Release|Mixed Platforms.ActiveCfg = Release|Any CPU
		{029E0553-E9EC-4F64-B103-F3D0CDE8A0B2}.Release|Mixed Platforms.Build.0 = Release|Any CPU
		{029E0553-E9EC-4F64-B103-F3D0CDE8A0B2}.Release|Win32.ActiveCfg = Release|Any CPU
		{029E0553-E9EC-4F64-B103-F3D0CDE8A0B2}.Release|x64.ActiveCfg = Release|Any CPU
		{029E0553-E9EC-4F64-B103-F3D0CDE8A0B2}.ReleaseEditor|Any CPU.ActiveCfg = Release|Any CPU
		{029E0553-E9EC-4F64-B103-F3D0CDE8A0B2}.ReleaseEditor|Any CPU.Build.0 = Release|Any CPU
		{029E0553-E9EC-4F64-B103-F3D0CDE8A0B2}.ReleaseEditor|Mixed Platforms.ActiveCfg = Release|Any CPU
		{029E0553-E9EC-4F64-B103-F3D0CDE8A0B2}.ReleaseEditor|Mixed Platforms.Build.0 = Release|Any CPU
		{029E0553-E9EC-4F64-B103-F3D0CDE8A0B2}.ReleaseEditor|Win32.ActiveCfg = Release|Any CPU
		{029E0553-E9EC-4F64-B103-F3D0CDE8A0B2}.ReleaseEditor|x64.ActiveCfg = Release|Any CPU
		{029E0553-E9EC-4F64-B103-F3D0CDE8A0B2}.ReleasePC|Any CPU.ActiveCfg = Release|Any CPU
		{029E0553-E9EC-4F64-B103-F3D0CDE8A0B2}.ReleasePC|Any CPU.Build.0 = Release|Any CPU
		{029E0553-E9EC-4F64-B103-F3D0CDE8A0B2}.ReleasePC|Mixed Platforms.ActiveCfg = Release|Any CPU
		{029E0553-E9EC-4F64-B103-F3D0CDE8A0B2}.ReleasePC|Mixed Platforms.Build.0 = Release|Any CPU
		{029E0553-E9EC-4F64-B103-F3D0CDE8A0B2}.ReleasePC|Win32.ActiveCfg = Release|Any CPU
		{029E0553-E9EC-4F64-B103-F3D0CDE8A0B2}.ReleasePC|x64.ActiveCfg = Release|Any CPU
		{ACA3454E-271C-4AD6-8D98-26F587ACCC74}.Debug|Any CPU.ActiveCfg = Debug|Any CPU
		{ACA3454E-271C-4AD6-8D98-26F587ACCC74}.Debug|Any CPU.Build.0 = Debug|Any CPU
		{ACA3454E-271C-4AD6-8D98-26F587ACCC74}.Debug|Mixed Platforms.ActiveCfg = Debug|Any CPU
		{ACA3454E-271C-4AD6-8D98-26F587ACCC74}.Debug|Mixed Platforms.Build.0 = Debug|Any CPU
		{ACA3454E-271C-4AD6-8D98-26F587ACCC74}.Debug|Win32.ActiveCfg = Debug|Any CPU
		{ACA3454E-271C-4AD6-8D98-26F587ACCC74}.Debug|x64.ActiveCfg = Debug|Any CPU
		{ACA3454E-271C-4AD6-8D98-26F587ACCC74}.DebugEditor|Any CPU.ActiveCfg = Debug|Any CPU
		{ACA3454E-271C-4AD6-8D98-26F587ACCC74}.DebugEditor|Any CPU.Build.0 = Debug|Any CPU
		{ACA3454E-271C-4AD6-8D98-26F587ACCC74}.DebugEditor|Mixed Platforms.ActiveCfg = Debug|Any CPU
		{ACA3454E-271C-4AD6-8D98-26F587ACCC74}.DebugEditor|Mixed Platforms.Build.0 = Debug|Any CPU
		{ACA3454E-271C-4AD6-8D98-26F587ACCC74}.DebugEditor|Win32.ActiveCfg = Debug|Any CPU
		{ACA3454E-271C-4AD6-8D98-26F587ACCC74}.DebugEditor|x64.ActiveCfg = Debug|Any CPU
		{ACA3454E-271C-4AD6-8D98-26F587ACCC74}.DebugPC|Any CPU.ActiveCfg = Debug|Any CPU
		{ACA3454E-271C-4AD6-8D98-26F587ACCC74}.DebugPC|Any CPU.Build.0 = Debug|Any CPU
		{ACA3454E-271C-4AD6-8D98-26F587ACCC74}.DebugPC|Mixed Platforms.ActiveCfg = Debug|Any CPU
		{ACA3454E-271C-4AD6-8D98-26F587ACCC74}.DebugPC|Mixed Platforms.Build.0 = Debug|Any CPU
		{ACA3454E-271C-4AD6-8D98-26F587ACCC74}.DebugPC|Win32.ActiveCfg = Debug|Any CPU
		{ACA3454E-271C-4AD6-8D98-26F587ACCC74}.DebugPC|x64.ActiveCfg = Debug|Any CPU
		{ACA3454E-271C-4AD6-8D98-26F587ACCC74}.DebugSetup|Any CPU.ActiveCfg = Debug|Any CPU
		{ACA3454E-271C-4AD6-8D98-26F587ACCC74}.DebugSetup|Any CPU.Build.0 = Debug|Any CPU
		{ACA3454E-271C-4AD6-8D98-26F587ACCC74}.DebugSetup|Mixed Platforms.ActiveCfg = Debug|Any CPU
		{ACA3454E-271C-4AD6-8D98-26F587ACCC74}.DebugSetup|Mixed Platforms.Build.0 = Debug|Any CPU
		{ACA3454E-271C-4AD6-8D98-26F587ACCC74}.DebugSetup|Win32.ActiveCfg = Debug|Any CPU
		{ACA3454E-271C-4AD6-8D98-26F587ACCC74}.DebugSetup|x64.ActiveCfg = Debug|Any CPU
		{ACA3454E-271C-4AD6-8D98-26F587ACCC74}.FinalPC|Any CPU.ActiveCfg = Release|Any CPU
		{ACA3454E-271C-4AD6-8D98-26F587ACCC74}.FinalPC|Any CPU.Build.0 = Release|Any CPU
		{ACA3454E-271C-4AD6-8D98-26F587ACCC74}.FinalPC|Mixed Platforms.ActiveCfg = Release|Any CPU
		{ACA3454E-271C-4AD6-8D98-26F587ACCC74}.FinalPC|Mixed Platforms.Build.0 = Release|Any CPU
		{ACA3454E-271C-4AD6-8D98-26F587ACCC74}.FinalPC|Win32.ActiveCfg = Release|Any CPU
		{ACA3454E-271C-4AD6-8D98-26F587ACCC74}.FinalPC|x64.ActiveCfg = Release|Any CPU
		{ACA3454E-271C-4AD6-8D98-26F587ACCC74}.Release|Any CPU.ActiveCfg = Release|Any CPU
		{ACA3454E-271C-4AD6-8D98-26F587ACCC74}.Release|Any CPU.Build.0 = Release|Any CPU
		{ACA3454E-271C-4AD6-8D98-26F587ACCC74}.Release|Mixed Platforms.ActiveCfg = Release|Any CPU
		{ACA3454E-271C-4AD6-8D98-26F587ACCC74}.Release|Mixed Platforms.Build.0 = Release|Any CPU
		{ACA3454E-271C-4AD6-8D98-26F587ACCC74}.Release|Win32.ActiveCfg = Release|Any CPU
		{ACA3454E-271C-4AD6-8D98-26F587ACCC74}.Release|x64.ActiveCfg = Release|Any CPU
		{ACA3454E-271C-4AD6-8D98-26F587ACCC74}.ReleaseEditor|Any CPU.ActiveCfg = Release|Any CPU
		{ACA3454E-271C-4AD6-8D98-26F587ACCC74}.ReleaseEditor|Any CPU.Build.0 = Release|Any CPU
		{ACA3454E-271C-4AD6-8D98-26F587ACCC74}.ReleaseEditor|Mixed Platforms.ActiveCfg = Release|Any CPU
		{ACA3454E-271C-4AD6-8D98-26F587ACCC74}.ReleaseEditor|Mixed Platforms.Build.0 = Release|Any CPU
		{ACA3454E-271C-4AD6-8D98-26F587ACCC74}.ReleaseEditor|Win32.ActiveCfg = Release|Any CPU
		{ACA3454E-271C-4AD6-8D98-26F587ACCC74}.ReleaseEditor|x64.ActiveCfg = Release|Any CPU
		{ACA3454E-271C-4AD6-8D98-26F587ACCC74}.ReleasePC|Any CPU.ActiveCfg = Release|Any CPU
		{ACA3454E-271C-4AD6-8D98-26F587ACCC74}.ReleasePC|Any CPU.Build.0 = Release|Any CPU
		{ACA3454E-271C-4AD6-8D98-26F587ACCC74}.ReleasePC|Mixed Platforms.ActiveCfg = Release|Any CPU
		{ACA3454E-271C-4AD6-8D98-26F587ACCC74}.ReleasePC|Mixed Platforms.Build.0 = Release|Any CPU
		{ACA3454E-271C-4AD6-8D98-26F587ACCC74}.ReleasePC|Win32.ActiveCfg = Release|Any CPU
		{ACA3454E-271C-4AD6-8D98-26F587ACCC74}.ReleasePC|x64.ActiveCfg = Release|Any CPU
		{1A7CB95F-027D-4C3F-88C0-870E50F6AA76}.Debug|Any CPU.ActiveCfg = Debug|Any CPU
		{1A7CB95F-027D-4C3F-88C0-870E50F6AA76}.Debug|Any CPU.Build.0 = Debug|Any CPU
		{1A7CB95F-027D-4C3F-88C0-870E50F6AA76}.Debug|Mixed Platforms.ActiveCfg = Debug|Any CPU
		{1A7CB95F-027D-4C3F-88C0-870E50F6AA76}.Debug|Mixed Platforms.Build.0 = Debug|Any CPU
		{1A7CB95F-027D-4C3F-88C0-870E50F6AA76}.Debug|Win32.ActiveCfg = Debug|Any CPU
		{1A7CB95F-027D-4C3F-88C0-870E50F6AA76}.Debug|x64.ActiveCfg = Debug|Any CPU
		{1A7CB95F-027D-4C3F-88C0-870E50F6AA76}.DebugEditor|Any CPU.ActiveCfg = Debug|Any CPU
		{1A7CB95F-027D-4C3F-88C0-870E50F6AA76}.DebugEditor|Any CPU.Build.0 = Debug|Any CPU
		{1A7CB95F-027D-4C3F-88C0-870E50F6AA76}.DebugEditor|Mixed Platforms.ActiveCfg = Debug|Any CPU
		{1A7CB95F-027D-4C3F-88C0-870E50F6AA76}.DebugEditor|Mixed Platforms.Build.0 = Debug|Any CPU
		{1A7CB95F-027D-4C3F-88C0-870E50F6AA76}.DebugEditor|Win32.ActiveCfg = Debug|Any CPU
		{1A7CB95F-027D-4C3F-88C0-870E50F6AA76}.DebugEditor|x64.ActiveCfg = Debug|Any CPU
		{1A7CB95F-027D-4C3F-88C0-870E50F6AA76}.DebugPC|Any CPU.ActiveCfg = Debug|Any CPU
		{1A7CB95F-027D-4C3F-88C0-870E50F6AA76}.DebugPC|Any CPU.Build.0 = Debug|Any CPU
		{1A7CB95F-027D-4C3F-88C0-870E50F6AA76}.DebugPC|Mixed Platforms.ActiveCfg = Debug|Any CPU
		{1A7CB95F-027D-4C3F-88C0-870E50F6AA76}.DebugPC|Mixed Platforms.Build.0 = Debug|Any CPU
		{1A7CB95F-027D-4C3F-88C0-870E50F6AA76}.DebugPC|Win32.ActiveCfg = Debug|Any CPU
		{1A7CB95F-027D-4C3F-88C0-870E50F6AA76}.DebugPC|x64.ActiveCfg = Debug|Any CPU
		{1A7CB95F-027D-4C3F-88C0-870E50F6AA76}.DebugSetup|Any CPU.ActiveCfg = Debug|Any CPU
		{1A7CB95F-027D-4C3F-88C0-870E50F6AA76}.DebugSetup|Any CPU.Build.0 = Debug|Any CPU
		{1A7CB95F-027D-4C3F-88C0-870E50F6AA76}.DebugSetup|Mixed Platforms.ActiveCfg = Debug|Any CPU
		{1A7CB95F-027D-4C3F-88C0-870E50F6AA76}.DebugSetup|Mixed Platforms.Build.0 = Debug|Any CPU
		{1A7CB95F-027D-4C3F-88C0-870E50F6AA76}.DebugSetup|Win32.ActiveCfg = Debug|Any CPU
		{1A7CB95F-027D-4C3F-88C0-870E50F6AA76}.DebugSetup|x64.ActiveCfg = Debug|Any CPU
		{1A7CB95F-027D-4C3F-88C0-870E50F6AA76}.FinalPC|Any CPU.ActiveCfg = Release|Any CPU
		{1A7CB95F-027D-4C3F-88C0-870E50F6AA76}.FinalPC|Any CPU.Build.0 = Release|Any CPU
		{1A7CB95F-027D-4C3F-88C0-870E50F6AA76}.FinalPC|Mixed Platforms.ActiveCfg = Release|Any CPU
		{1A7CB95F-027D-4C3F-88C0-870E50F6AA76}.FinalPC|Mixed Platforms.Build.0 = Release|Any CPU
		{1A7CB95F-027D-4C3F-88C0-870E50F6AA76}.FinalPC|Win32.ActiveCfg = Release|Any CPU
		{1A7CB95F-027D-4C3F-88C0-870E50F6AA76}.FinalPC|x64.ActiveCfg = Release|Any CPU
		{1A7CB95F-027D-4C3F-88C0-870E50F6AA76}.Release|Any CPU.ActiveCfg = Release|Any CPU
		{1A7CB95F-027D-4C3F-88C0-870E50F6AA76}.Release|Any CPU.Build.0 = Release|Any CPU
		{1A7CB95F-027D-4C3F-88C0-870E50F6AA76}.Release|Mixed Platforms.ActiveCfg = Release|Any CPU
		{1A7CB95F-027D-4C3F-88C0-870E50F6AA76}.Release|Mixed Platforms.Build.0 = Release|Any CPU
		{1A7CB95F-027D-4C3F-88C0-870E50F6AA76}.Release|Win32.ActiveCfg = Release|Any CPU
		{1A7CB95F-027D-4C3F-88C0-870E50F6AA76}.Release|x64.ActiveCfg = Release|Any CPU
		{1A7CB95F-027D-4C3F-88C0-870E50F6AA76}.ReleaseEditor|Any CPU.ActiveCfg = Release|Any CPU
		{1A7CB95F-027D-4C3F-88C0-870E50F6AA76}.ReleaseEditor|Any CPU.Build.0 = Release|Any CPU
		{1A7CB95F-027D-4C3F-88C0-870E50F6AA76}.ReleaseEditor|Mixed Platforms.ActiveCfg = Release|Any CPU
		{1A7CB95F-027D-4C3F-88C0-870E50F6AA76}.ReleaseEditor|Mixed Platforms.Build.0 = Release|Any CPU
		{1A7CB95F-027D-4C3F-88C0-870E50F6AA76}.ReleaseEditor|Win32.ActiveCfg = Release|Any CPU
		{1A7CB95F-027D-4C3F-88C0-870E50F6AA76}.ReleaseEditor|x64.ActiveCfg = Release|Any CPU
		{1A7CB95F-027D-4C3F-88C0-870E50F6AA76}.ReleasePC|Any CPU.ActiveCfg = Release|Any CPU
		{1A7CB95F-027D-4C3F-88C0-870E50F6AA76}.ReleasePC|Any CPU.Build.0 = Release|Any CPU
		{1A7CB95F-027D-4C3F-88C0-870E50F6AA76}.ReleasePC|Mixed Platforms.ActiveCfg = Release|Any CPU
		{1A7CB95F-027D-4C3F-88C0-870E50F6AA76}.ReleasePC|Mixed Platforms.Build.0 = Release|Any CPU
		{1A7CB95F-027D-4C3F-88C0-870E50F6AA76}.ReleasePC|Win32.ActiveCfg = Release|Any CPU
		{1A7CB95F-027D-4C3F-88C0-870E50F6AA76}.ReleasePC|x64.ActiveCfg = Release|Any CPU
		{DC1BD62C-200F-4DAA-9CE1-5260734E1200}.Debug|Any CPU.ActiveCfg = Debug|Any CPU
		{DC1BD62C-200F-4DAA-9CE1-5260734E1200}.Debug|Any CPU.Build.0 = Debug|Any CPU
		{DC1BD62C-200F-4DAA-9CE1-5260734E1200}.Debug|Mixed Platforms.ActiveCfg = Debug|Any CPU
		{DC1BD62C-200F-4DAA-9CE1-5260734E1200}.Debug|Mixed Platforms.Build.0 = Debug|Any CPU
		{DC1BD62C-200F-4DAA-9CE1-5260734E1200}.Debug|Win32.ActiveCfg = Debug|Any CPU
		{DC1BD62C-200F-4DAA-9CE1-5260734E1200}.Debug|x64.ActiveCfg = Debug|Any CPU
		{DC1BD62C-200F-4DAA-9CE1-5260734E1200}.DebugEditor|Any CPU.ActiveCfg = Debug|Any CPU
		{DC1BD62C-200F-4DAA-9CE1-5260734E1200}.DebugEditor|Any CPU.Build.0 = Debug|Any CPU
		{DC1BD62C-200F-4DAA-9CE1-5260734E1200}.DebugEditor|Mixed Platforms.ActiveCfg = Debug|Any CPU
		{DC1BD62C-200F-4DAA-9CE1-5260734E1200}.DebugEditor|Mixed Platforms.Build.0 = Debug|Any CPU
		{DC1BD62C-200F-4DAA-9CE1-5260734E1200}.DebugEditor|Win32.ActiveCfg = Debug|Any CPU
		{DC1BD62C-200F-4DAA-9CE1-5260734E1200}.DebugEditor|x64.ActiveCfg = Debug|Any CPU
		{DC1BD62C-200F-4DAA-9CE1-5260734E1200}.DebugPC|Any CPU.ActiveCfg = Debug|Any CPU
		{DC1BD62C-200F-4DAA-9CE1-5260734E1200}.DebugPC|Any CPU.Build.0 = Debug|Any CPU
		{DC1BD62C-200F-4DAA-9CE1-5260734E1200}.DebugPC|Mixed Platforms.ActiveCfg = Debug|Any CPU
		{DC1BD62C-200F-4DAA-9CE1-5260734E1200}.DebugPC|Mixed Platforms.Build.0 = Debug|Any CPU
		{DC1BD62C-200F-4DAA-9CE1-5260734E1200}.DebugPC|Win32.ActiveCfg = Debug|Any CPU
		{DC1BD62C-200F-4DAA-9CE1-5260734E1200}.DebugPC|x64.ActiveCfg = Debug|Any CPU
		{DC1BD62C-200F-4DAA-9CE1-5260734E1200}.DebugSetup|Any CPU.ActiveCfg = Debug|Any CPU
		{DC1BD62C-200F-4DAA-9CE1-5260734E1200}.DebugSetup|Any CPU.Build.0 = Debug|Any CPU
		{DC1BD62C-200F-4DAA-9CE1-5260734E1200}.DebugSetup|Mixed Platforms.ActiveCfg = Debug|Any CPU
		{DC1BD62C-200F-4DAA-9CE1-5260734E1200}.DebugSetup|Mixed Platforms.Build.0 = Debug|Any CPU
		{DC1BD62C-200F-4DAA-9CE1-5260734E1200}.DebugSetup|Win32.ActiveCfg = Debug|Any CPU
		{DC1BD62C-200F-4DAA-9CE1-5260734E1200}.DebugSetup|x64.ActiveCfg = Debug|Any CPU
		{DC1BD62C-200F-4DAA-9CE1-5260734E1200}.FinalPC|Any CPU.ActiveCfg = Release|Any CPU
		{DC1BD62C-200F-4DAA-9CE1-5260734E1200}.FinalPC|Any CPU.Build.0 = Release|Any CPU
		{DC1BD62C-200F-4DAA-9CE1-5260734E1200}.FinalPC|Mixed Platforms.ActiveCfg = Release|Any CPU
		{DC1BD62C-200F-4DAA-9CE1-5260734E1200}.FinalPC|Mixed Platforms.Build.0 = Release|Any CPU
		{DC1BD62C-200F-4DAA-9CE1-5260734E1200}.FinalPC|Win32.ActiveCfg = Release|Any CPU
		{DC1BD62C-200F-4DAA-9CE1-5260734E1200}.FinalPC|x64.ActiveCfg = Release|Any CPU
		{DC1BD62C-200F-4DAA-9CE1-5260734E1200}.Release|Any CPU.ActiveCfg = Release|Any CPU
		{DC1BD62C-200F-4DAA-9CE1-5260734E1200}.Release|Any CPU.Build.0 = Release|Any CPU
		{DC1BD62C-200F-4DAA-9CE1-5260734E1200}.Release|Mixed Platforms.ActiveCfg = Release|Any CPU
		{DC1BD62C-200F-4DAA-9CE1-5260734E1200}.Release|Mixed Platforms.Build.0 = Release|Any CPU
		{DC1BD62C-200F-4DAA-9CE1-5260734E1200}.Release|Win32.ActiveCfg = Release|Any CPU
		{DC1BD62C-200F-4DAA-9CE1-5260734E1200}.Release|x64.ActiveCfg = Release|Any CPU
		{DC1BD62C-200F-4DAA-9CE1-5260734E1200}.ReleaseEditor|Any CPU.ActiveCfg = Release|Any CPU
		{DC1BD62C-200F-4DAA-9CE1-5260734E1200}.ReleaseEditor|Any CPU.Build.0 = Release|Any CPU
		{DC1BD62C-200F-4DAA-9CE1-5260734E1200}.ReleaseEditor|Mixed Platforms.ActiveCfg = Release|Any CPU
		{DC1BD62C-200F-4DAA-9CE1-5260734E1200}.ReleaseEditor|Mixed Platforms.Build.0 = Release|Any CPU
		{DC1BD62C-200F-4DAA-9CE1-5260734E1200}.ReleaseEditor|Win32.ActiveCfg = Release|Any CPU
		{DC1BD62C-200F-4DAA-9CE1-5260734E1200}.ReleaseEditor|x64.ActiveCfg = Release|Any CPU
		{DC1BD62C-200F-4DAA-9CE1-5260734E1200}.ReleasePC|Any CPU.ActiveCfg = Release|Any CPU
		{DC1BD62C-200F-4DAA-9CE1-5260734E1200}.ReleasePC|Any CPU.Build.0 = Release|Any CPU
		{DC1BD62C-200F-4DAA-9CE1-5260734E1200}.ReleasePC|Mixed Platforms.ActiveCfg = Release|Any CPU
		{DC1BD62C-200F-4DAA-9CE1-5260734E1200}.ReleasePC|Mixed Platforms.Build.0 = Release|Any CPU
		{DC1BD62C-200F-4DAA-9CE1-5260734E1200}.ReleasePC|Win32.ActiveCfg = Release|Any CPU
		{DC1BD62C-200F-4DAA-9CE1-5260734E1200}.ReleasePC|x64.ActiveCfg = Release|Any CPU
		{33928956-4C3F-4D78-980E-9146CBF981F5}.Debug|Any CPU.ActiveCfg = Debug|Any CPU
		{33928956-4C3F-4D78-980E-9146CBF981F5}.Debug|Any CPU.Build.0 = Debug|Any CPU
		{33928956-4C3F-4D78-980E-9146CBF981F5}.Debug|Mixed Platforms.ActiveCfg = Debug|Any CPU
		{33928956-4C3F-4D78-980E-9146CBF981F5}.Debug|Mixed Platforms.Build.0 = Debug|Any CPU
		{33928956-4C3F-4D78-980E-9146CBF981F5}.Debug|Win32.ActiveCfg = Debug|Any CPU
		{33928956-4C3F-4D78-980E-9146CBF981F5}.Debug|x64.ActiveCfg = Debug|Any CPU
		{33928956-4C3F-4D78-980E-9146CBF981F5}.DebugEditor|Any CPU.ActiveCfg = Debug|Any CPU
		{33928956-4C3F-4D78-980E-9146CBF981F5}.DebugEditor|Any CPU.Build.0 = Debug|Any CPU
		{33928956-4C3F-4D78-980E-9146CBF981F5}.DebugEditor|Mixed Platforms.ActiveCfg = Debug|Any CPU
		{33928956-4C3F-4D78-980E-9146CBF981F5}.DebugEditor|Mixed Platforms.Build.0 = Debug|Any CPU
		{33928956-4C3F-4D78-980E-9146CBF981F5}.DebugEditor|Win32.ActiveCfg = Debug|Any CPU
		{33928956-4C3F-4D78-980E-9146CBF981F5}.DebugEditor|x64.ActiveCfg = Debug|Any CPU
		{33928956-4C3F-4D78-980E-9146CBF981F5}.DebugPC|Any CPU.ActiveCfg = Debug|Any CPU
		{33928956-4C3F-4D78-980E-9146CBF981F5}.DebugPC|Any CPU.Build.0 = Debug|Any CPU
		{33928956-4C3F-4D78-980E-9146CBF981F5}.DebugPC|Mixed Platforms.ActiveCfg = Debug|Any CPU
		{33928956-4C3F-4D78-980E-9146CBF981F5}.DebugPC|Mixed Platforms.Build.0 = Debug|Any CPU
		{33928956-4C3F-4D78-980E-9146CBF981F5}.DebugPC|Win32.ActiveCfg = Debug|Any CPU
		{33928956-4C3F-4D78-980E-9146CBF981F5}.DebugPC|x64.ActiveCfg = Debug|Any CPU
		{33928956-4C3F-4D78-980E-9146CBF981F5}.DebugSetup|Any CPU.ActiveCfg = Debug|Any CPU
		{33928956-4C3F-4D78-980E-9146CBF981F5}.DebugSetup|Any CPU.Build.0 = Debug|Any CPU
		{33928956-4C3F-4D78-980E-9146CBF981F5}.DebugSetup|Mixed Platforms.ActiveCfg = Debug|Any CPU
		{33928956-4C3F-4D78-980E-9146CBF981F5}.DebugSetup|Mixed Platforms.Build.0 = Debug|Any CPU
		{33928956-4C3F-4D78-980E-9146CBF981F5}.DebugSetup|Win32.ActiveCfg = Debug|Any CPU
		{33928956-4C3F-4D78-980E-9146CBF981F5}.DebugSetup|x64.ActiveCfg = Debug|Any CPU
		{33928956-4C3F-4D78-980E-9146CBF981F5}.FinalPC|Any CPU.ActiveCfg = Release|Any CPU
		{33928956-4C3F-4D78-980E-9146CBF981F5}.FinalPC|Any CPU.Build.0 = Release|Any CPU
		{33928956-4C3F-4D78-980E-9146CBF981F5}.FinalPC|Mixed Platforms.ActiveCfg = Release|Any CPU
		{33928956-4C3F-4D78-980E-9146CBF981F5}.FinalPC|Mixed Platforms.Build.0 = Release|Any CPU
		{33928956-4C3F-4D78-980E-9146CBF981F5}.FinalPC|Win32.ActiveCfg = Release|Any CPU
		{33928956-4C3F-4D78-980E-9146CBF981F5}.FinalPC|x64.ActiveCfg = Release|Any CPU
		{33928956-4C3F-4D78-980E-9146CBF981F5}.Release|Any CPU.ActiveCfg = Release|Any CPU
		{33928956-4C3F-4D78-980E-9146CBF981F5}.Release|Any CPU.Build.0 = Release|Any CPU
		{33928956-4C3F-4D78-980E-9146CBF981F5}.Release|Mixed Platforms.ActiveCfg = Release|Any CPU
		{33928956-4C3F-4D78-980E-9146CBF981F5}.Release|Mixed Platforms.Build.0 = Release|Any CPU
		{33928956-4C3F-4D78-980E-9146CBF981F5}.Release|Win32.ActiveCfg = Release|Any CPU
		{33928956-4C3F-4D78-980E-9146CBF981F5}.Release|x64.ActiveCfg = Release|Any CPU
		{33928956-4C3F-4D78-980E-9146CBF981F5}.ReleaseEditor|Any CPU.ActiveCfg = Release|Any CPU
		{33928956-4C3F-4D78-980E-9146CBF981F5}.ReleaseEditor|Any CPU.Build.0 = Release|Any CPU
		{33928956-4C3F-4D78-980E-9146CBF981F5}.ReleaseEditor|Mixed Platforms.ActiveCfg = Release|Any CPU
		{33928956-4C3F-4D78-980E-9146CBF981F5}.ReleaseEditor|Mixed Platforms.Build.0 = Release|Any CPU
		{33928956-4C3F-4D78-980E-9146CBF981F5}.ReleaseEditor|Win32.ActiveCfg = Release|Any CPU
		{33928956-4C3F-4D78-980E-9146CBF981F5}.ReleaseEditor|x64.ActiveCfg = Release|Any CPU
		{33928956-4C3F-4D78-980E-9146CBF981F5}.ReleasePC|Any CPU.ActiveCfg = Release|Any CPU
		{33928956-4C3F-4D78-980E-9146CBF981F5}.ReleasePC|Any CPU.Build.0 = Release|Any CPU
		{33928956-4C3F-4D78-980E-9146CBF981F5}.ReleasePC|Mixed Platforms.ActiveCfg = Release|Any CPU
		{33928956-4C3F-4D78-980E-9146CBF981F5}.ReleasePC|Mixed Platforms.Build.0 = Release|Any CPU
		{33928956-4C3F-4D78-980E-9146CBF981F5}.ReleasePC|Win32.ActiveCfg = Release|Any CPU
		{33928956-4C3F-4D78-980E-9146CBF981F5}.ReleasePC|x64.ActiveCfg = Release|Any CPU
		{22D71C5B-E7CD-44B0-B221-EBAF900DCD95}.Debug|Any CPU.ActiveCfg = Debug|Win32
		{22D71C5B-E7CD-44B0-B221-EBAF900DCD95}.Debug|Mixed Platforms.ActiveCfg = Debug|Win32
		{22D71C5B-E7CD-44B0-B221-EBAF900DCD95}.Debug|Mixed Platforms.Build.0 = Debug|Win32
		{22D71C5B-E7CD-44B0-B221-EBAF900DCD95}.Debug|Win32.ActiveCfg = Debug|Win32
		{22D71C5B-E7CD-44B0-B221-EBAF900DCD95}.Debug|Win32.Build.0 = Debug|Win32
		{22D71C5B-E7CD-44B0-B221-EBAF900DCD95}.Debug|x64.ActiveCfg = Debug|Win32
		{22D71C5B-E7CD-44B0-B221-EBAF900DCD95}.DebugEditor|Any CPU.ActiveCfg = Debug|Win32
		{22D71C5B-E7CD-44B0-B221-EBAF900DCD95}.DebugEditor|Mixed Platforms.ActiveCfg = Debug|Win32
		{22D71C5B-E7CD-44B0-B221-EBAF900DCD95}.DebugEditor|Mixed Platforms.Build.0 = Debug|Win32
		{22D71C5B-E7CD-44B0-B221-EBAF900DCD95}.DebugEditor|Win32.ActiveCfg = Debug|Win32
		{22D71C5B-E7CD-44B0-B221-EBAF900DCD95}.DebugEditor|Win32.Build.0 = Debug|Win32
		{22D71C5B-E7CD-44B0-B221-EBAF900DCD95}.DebugEditor|x64.ActiveCfg = Debug|Win32
		{22D71C5B-E7CD-44B0-B221-EBAF900DCD95}.DebugPC|Any CPU.ActiveCfg = Debug|Win32
		{22D71C5B-E7CD-44B0-B221-EBAF900DCD95}.DebugPC|Mixed Platforms.ActiveCfg = Debug|Win32
		{22D71C5B-E7CD-44B0-B221-EBAF900DCD95}.DebugPC|Mixed Platforms.Build.0 = Debug|Win32
		{22D71C5B-E7CD-44B0-B221-EBAF900DCD95}.DebugPC|Win32.ActiveCfg = Debug|Win32
		{22D71C5B-E7CD-44B0-B221-EBAF900DCD95}.DebugPC|Win32.Build.0 = Debug|Win32
		{22D71C5B-E7CD-44B0-B221-EBAF900DCD95}.DebugPC|x64.ActiveCfg = Debug|Win32
		{22D71C5B-E7CD-44B0-B221-EBAF900DCD95}.DebugSetup|Any CPU.ActiveCfg = Debug|Win32
		{22D71C5B-E7CD-44B0-B221-EBAF900DCD95}.DebugSetup|Mixed Platforms.ActiveCfg = Debug|Win32
		{22D71C5B-E7CD-44B0-B221-EBAF900DCD95}.DebugSetup|Mixed Platforms.Build.0 = Debug|Win32
		{22D71C5B-E7CD-44B0-B221-EBAF900DCD95}.DebugSetup|Win32.ActiveCfg = Debug|Win32
		{22D71C5B-E7CD-44B0-B221-EBAF900DCD95}.DebugSetup|Win32.Build.0 = Debug|Win32
		{22D71C5B-E7CD-44B0-B221-EBAF900DCD95}.DebugSetup|x64.ActiveCfg = Debug|Win32
		{22D71C5B-E7CD-44B0-B221-EBAF900DCD95}.FinalPC|Any CPU.ActiveCfg = Release|Win32
		{22D71C5B-E7CD-44B0-B221-EBAF900DCD95}.FinalPC|Mixed Platforms.ActiveCfg = Release|Win32
		{22D71C5B-E7CD-44B0-B221-EBAF900DCD95}.FinalPC|Mixed Platforms.Build.0 = Release|Win32
		{22D71C5B-E7CD-44B0-B221-EBAF900DCD95}.FinalPC|Win32.ActiveCfg = Release|Win32
		{22D71C5B-E7CD-44B0-B221-EBAF900DCD95}.FinalPC|Win32.Build.0 = Release|Win32
		{22D71C5B-E7CD-44B0-B221-EBAF900DCD95}.FinalPC|x64.ActiveCfg = Release|Win32
		{22D71C5B-E7CD-44B0-B221-EBAF900DCD95}.Release|Any CPU.ActiveCfg = Release|Win32
		{22D71C5B-E7CD-44B0-B221-EBAF900DCD95}.Release|Mixed Platforms.ActiveCfg = Release|Win32
		{22D71C5B-E7CD-44B0-B221-EBAF900DCD95}.Release|Mixed Platforms.Build.0 = Release|Win32
		{22D71C5B-E7CD-44B0-B221-EBAF900DCD95}.Release|Win32.ActiveCfg = Release|Win32
		{22D71C5B-E7CD-44B0-B221-EBAF900DCD95}.Release|Win32.Build.0 = Release|Win32
		{22D71C5B-E7CD-44B0-B221-EBAF900DCD95}.Release|x64.ActiveCfg = Release|Win32
		{22D71C5B-E7CD-44B0-B221-EBAF900DCD95}.ReleaseEditor|Any CPU.ActiveCfg = Release|Win32
		{22D71C5B-E7CD-44B0-B221-EBAF900DCD95}.ReleaseEditor|Mixed Platforms.ActiveCfg = Release|Win32
		{22D71C5B-E7CD-44B0-B221-EBAF900DCD95}.ReleaseEditor|Mixed Platforms.Build.0 = Release|Win32
		{22D71C5B-E7CD-44B0-B221-EBAF900DCD95}.ReleaseEditor|Win32.ActiveCfg = Release|Win32
		{22D71C5B-E7CD-44B0-B221-EBAF900DCD95}.ReleaseEditor|Win32.Build.0 = Release|Win32
		{22D71C5B-E7CD-44B0-B221-EBAF900DCD95}.ReleaseEditor|x64.ActiveCfg = Release|Win32
		{22D71C5B-E7CD-44B0-B221-EBAF900DCD95}.ReleasePC|Any CPU.ActiveCfg = Release|Win32
		{22D71C5B-E7CD-44B0-B221-EBAF900DCD95}.ReleasePC|Mixed Platforms.ActiveCfg = Release|Win32
		{22D71C5B-E7CD-44B0-B221-EBAF900DCD95}.ReleasePC|Mixed Platforms.Build.0 = Release|Win32
		{22D71C5B-E7CD-44B0-B221-EBAF900DCD95}.ReleasePC|Win32.ActiveCfg = Release|Win32
		{22D71C5B-E7CD-44B0-B221-EBAF900DCD95}.ReleasePC|Win32.Build.0 = Release|Win32
		{22D71C5B-E7CD-44B0-B221-EBAF900DCD95}.ReleasePC|x64.ActiveCfg = Release|Win32
		{1E2420E5-6620-4040-A90D-CC3FA8852CB3}.Debug|Any CPU.ActiveCfg = DebugEditor|Win32
		{1E2420E5-6620-4040-A90D-CC3FA8852CB3}.Debug|Mixed Platforms.ActiveCfg = DebugEditor|Win32
		{1E2420E5-6620-4040-A90D-CC3FA8852CB3}.Debug|Mixed Platforms.Build.0 = DebugEditor|Win32
		{1E2420E5-6620-4040-A90D-CC3FA8852CB3}.Debug|Win32.ActiveCfg = DebugEditor|Win32
		{1E2420E5-6620-4040-A90D-CC3FA8852CB3}.Debug|Win32.Build.0 = DebugEditor|Win32
		{1E2420E5-6620-4040-A90D-CC3FA8852CB3}.Debug|x64.ActiveCfg = DebugEditor|Win32
		{1E2420E5-6620-4040-A90D-CC3FA8852CB3}.DebugEditor|Any CPU.ActiveCfg = DebugEditor|Win32
		{1E2420E5-6620-4040-A90D-CC3FA8852CB3}.DebugEditor|Mixed Platforms.ActiveCfg = DebugEditor|Win32
		{1E2420E5-6620-4040-A90D-CC3FA8852CB3}.DebugEditor|Mixed Platforms.Build.0 = DebugEditor|Win32
		{1E2420E5-6620-4040-A90D-CC3FA8852CB3}.DebugEditor|Win32.ActiveCfg = DebugEditor|Win32
		{1E2420E5-6620-4040-A90D-CC3FA8852CB3}.DebugEditor|Win32.Build.0 = DebugEditor|Win32
		{1E2420E5-6620-4040-A90D-CC3FA8852CB3}.DebugEditor|x64.ActiveCfg = DebugEditor|Win32
		{1E2420E5-6620-4040-A90D-CC3FA8852CB3}.DebugPC|Any CPU.ActiveCfg = DebugEditor|Win32
		{1E2420E5-6620-4040-A90D-CC3FA8852CB3}.DebugPC|Mixed Platforms.ActiveCfg = DebugEditor|Win32
		{1E2420E5-6620-4040-A90D-CC3FA8852CB3}.DebugPC|Mixed Platforms.Build.0 = DebugEditor|Win32
		{1E2420E5-6620-4040-A90D-CC3FA8852CB3}.DebugPC|Win32.ActiveCfg = DebugEditor|Win32
		{1E2420E5-6620-4040-A90D-CC3FA8852CB3}.DebugPC|Win32.Build.0 = DebugEditor|Win32
		{1E2420E5-6620-4040-A90D-CC3FA8852CB3}.DebugPC|x64.ActiveCfg = DebugEditor|Win32
		{1E2420E5-6620-4040-A90D-CC3FA8852CB3}.DebugSetup|Any CPU.ActiveCfg = DebugEditor|Win32
		{1E2420E5-6620-4040-A90D-CC3FA8852CB3}.DebugSetup|Mixed Platforms.ActiveCfg = DebugEditor|Win32
		{1E2420E5-6620-4040-A90D-CC3FA8852CB3}.DebugSetup|Mixed Platforms.Build.0 = DebugEditor|Win32
		{1E2420E5-6620-4040-A90D-CC3FA8852CB3}.DebugSetup|Win32.ActiveCfg = DebugEditor|Win32
		{1E2420E5-6620-4040-A90D-CC3FA8852CB3}.DebugSetup|Win32.Build.0 = DebugEditor|Win32
		{1E2420E5-6620-4040-A90D-CC3FA8852CB3}.DebugSetup|x64.ActiveCfg = DebugEditor|Win32
		{1E2420E5-6620-4040-A90D-CC3FA8852CB3}.FinalPC|Any CPU.ActiveCfg = ReleaseEditor|Win32
		{1E2420E5-6620-4040-A90D-CC3FA8852CB3}.FinalPC|Mixed Platforms.ActiveCfg = ReleaseEditor|Win32
		{1E2420E5-6620-4040-A90D-CC3FA8852CB3}.FinalPC|Mixed Platforms.Build.0 = ReleaseEditor|Win32
		{1E2420E5-6620-4040-A90D-CC3FA8852CB3}.FinalPC|Win32.ActiveCfg = ReleaseEditor|Win32
		{1E2420E5-6620-4040-A90D-CC3FA8852CB3}.FinalPC|Win32.Build.0 = ReleaseEditor|Win32
		{1E2420E5-6620-4040-A90D-CC3FA8852CB3}.FinalPC|x64.ActiveCfg = ReleaseEditor|Win32
		{1E2420E5-6620-4040-A90D-CC3FA8852CB3}.Release|Any CPU.ActiveCfg = ReleaseEditor|Win32
		{1E2420E5-6620-4040-A90D-CC3FA8852CB3}.Release|Mixed Platforms.ActiveCfg = ReleaseEditor|Win32
		{1E2420E5-6620-4040-A90D-CC3FA8852CB3}.Release|Mixed Platforms.Build.0 = ReleaseEditor|Win32
		{1E2420E5-6620-4040-A90D-CC3FA8852CB3}.Release|Win32.ActiveCfg = ReleaseEditor|Win32
		{1E2420E5-6620-4040-A90D-CC3FA8852CB3}.Release|Win32.Build.0 = ReleaseEditor|Win32
		{1E2420E5-6620-4040-A90D-CC3FA8852CB3}.Release|x64.ActiveCfg = ReleaseEditor|Win32
		{1E2420E5-6620-4040-A90D-CC3FA8852CB3}.ReleaseEditor|Any CPU.ActiveCfg = ReleaseEditor|Win32
		{1E2420E5-6620-4040-A90D-CC3FA8852CB3}.ReleaseEditor|Mixed Platforms.ActiveCfg = ReleaseEditor|Win32
		{1E2420E5-6620-4040-A90D-CC3FA8852CB3}.ReleaseEditor|Mixed Platforms.Build.0 = ReleaseEditor|Win32
		{1E2420E5-6620-4040-A90D-CC3FA8852CB3}.ReleaseEditor|Win32.ActiveCfg = ReleaseEditor|Win32
		{1E2420E5-6620-4040-A90D-CC3FA8852CB3}.ReleaseEditor|Win32.Build.0 = ReleaseEditor|Win32
		{1E2420E5-6620-4040-A90D-CC3FA8852CB3}.ReleaseEditor|x64.ActiveCfg = ReleaseEditor|Win32
		{1E2420E5-6620-4040-A90D-CC3FA8852CB3}.ReleasePC|Any CPU.ActiveCfg = ReleaseEditor|Win32
		{1E2420E5-6620-4040-A90D-CC3FA8852CB3}.ReleasePC|Mixed Platforms.ActiveCfg = ReleaseEditor|Win32
		{1E2420E5-6620-4040-A90D-CC3FA8852CB3}.ReleasePC|Mixed Platforms.Build.0 = ReleaseEditor|Win32
		{1E2420E5-6620-4040-A90D-CC3FA8852CB3}.ReleasePC|Win32.ActiveCfg = ReleaseEditor|Win32
		{1E2420E5-6620-4040-A90D-CC3FA8852CB3}.ReleasePC|Win32.Build.0 = ReleaseEditor|Win32
		{1E2420E5-6620-4040-A90D-CC3FA8852CB3}.ReleasePC|x64.ActiveCfg = ReleaseEditor|Win32
		{473B89FF-2BED-428C-8380-75264F26DF98}.Debug|Any CPU.ActiveCfg = Debug|Any CPU
		{473B89FF-2BED-428C-8380-75264F26DF98}.Debug|Any CPU.Build.0 = Debug|Any CPU
		{473B89FF-2BED-428C-8380-75264F26DF98}.Debug|Mixed Platforms.ActiveCfg = Debug|Any CPU
		{473B89FF-2BED-428C-8380-75264F26DF98}.Debug|Mixed Platforms.Build.0 = Debug|Any CPU
		{473B89FF-2BED-428C-8380-75264F26DF98}.Debug|Win32.ActiveCfg = Debug|Any CPU
		{473B89FF-2BED-428C-8380-75264F26DF98}.Debug|x64.ActiveCfg = Debug|Any CPU
		{473B89FF-2BED-428C-8380-75264F26DF98}.DebugEditor|Any CPU.ActiveCfg = Debug|Any CPU
		{473B89FF-2BED-428C-8380-75264F26DF98}.DebugEditor|Any CPU.Build.0 = Debug|Any CPU
		{473B89FF-2BED-428C-8380-75264F26DF98}.DebugEditor|Mixed Platforms.ActiveCfg = Debug|Any CPU
		{473B89FF-2BED-428C-8380-75264F26DF98}.DebugEditor|Mixed Platforms.Build.0 = Debug|Any CPU
		{473B89FF-2BED-428C-8380-75264F26DF98}.DebugEditor|Win32.ActiveCfg = Debug|Any CPU
		{473B89FF-2BED-428C-8380-75264F26DF98}.DebugEditor|x64.ActiveCfg = Debug|Any CPU
		{473B89FF-2BED-428C-8380-75264F26DF98}.DebugPC|Any CPU.ActiveCfg = Debug|Any CPU
		{473B89FF-2BED-428C-8380-75264F26DF98}.DebugPC|Any CPU.Build.0 = Debug|Any CPU
		{473B89FF-2BED-428C-8380-75264F26DF98}.DebugPC|Mixed Platforms.ActiveCfg = Debug|Any CPU
		{473B89FF-2BED-428C-8380-75264F26DF98}.DebugPC|Mixed Platforms.Build.0 = Debug|Any CPU
		{473B89FF-2BED-428C-8380-75264F26DF98}.DebugPC|Win32.ActiveCfg = Debug|Any CPU
		{473B89FF-2BED-428C-8380-75264F26DF98}.DebugPC|x64.ActiveCfg = Debug|Any CPU
		{473B89FF-2BED-428C-8380-75264F26DF98}.DebugSetup|Any CPU.ActiveCfg = Debug|Any CPU
		{473B89FF-2BED-428C-8380-75264F26DF98}.DebugSetup|Any CPU.Build.0 = Debug|Any CPU
		{473B89FF-2BED-428C-8380-75264F26DF98}.DebugSetup|Mixed Platforms.ActiveCfg = Debug|Any CPU
		{473B89FF-2BED-428C-8380-75264F26DF98}.DebugSetup|Mixed Platforms.Build.0 = Debug|Any CPU
		{473B89FF-2BED-428C-8380-75264F26DF98}.DebugSetup|Win32.ActiveCfg = Debug|Any CPU
		{473B89FF-2BED-428C-8380-75264F26DF98}.DebugSetup|x64.ActiveCfg = Debug|Any CPU
		{473B89FF-2BED-428C-8380-75264F26DF98}.FinalPC|Any CPU.ActiveCfg = Release|Any CPU
		{473B89FF-2BED-428C-8380-75264F26DF98}.FinalPC|Any CPU.Build.0 = Release|Any CPU
		{473B89FF-2BED-428C-8380-75264F26DF98}.FinalPC|Mixed Platforms.ActiveCfg = Release|Any CPU
		{473B89FF-2BED-428C-8380-75264F26DF98}.FinalPC|Mixed Platforms.Build.0 = Release|Any CPU
		{473B89FF-2BED-428C-8380-75264F26DF98}.FinalPC|Win32.ActiveCfg = Release|Any CPU
		{473B89FF-2BED-428C-8380-75264F26DF98}.FinalPC|x64.ActiveCfg = Release|Any CPU
		{473B89FF-2BED-428C-8380-75264F26DF98}.Release|Any CPU.ActiveCfg = Release|Any CPU
		{473B89FF-2BED-428C-8380-75264F26DF98}.Release|Any CPU.Build.0 = Release|Any CPU
		{473B89FF-2BED-428C-8380-75264F26DF98}.Release|Mixed Platforms.ActiveCfg = Release|Any CPU
		{473B89FF-2BED-428C-8380-75264F26DF98}.Release|Mixed Platforms.Build.0 = Release|Any CPU
		{473B89FF-2BED-428C-8380-75264F26DF98}.Release|Win32.ActiveCfg = Release|Any CPU
		{473B89FF-2BED-428C-8380-75264F26DF98}.Release|x64.ActiveCfg = Release|Any CPU
		{473B89FF-2BED-428C-8380-75264F26DF98}.ReleaseEditor|Any CPU.ActiveCfg = Release|Any CPU
		{473B89FF-2BED-428C-8380-75264F26DF98}.ReleaseEditor|Any CPU.Build.0 = Release|Any CPU
		{473B89FF-2BED-428C-8380-75264F26DF98}.ReleaseEditor|Mixed Platforms.ActiveCfg = Release|Any CPU
		{473B89FF-2BED-428C-8380-75264F26DF98}.ReleaseEditor|Mixed Platforms.Build.0 = Release|Any CPU
		{473B89FF-2BED-428C-8380-75264F26DF98}.ReleaseEditor|Win32.ActiveCfg = Release|Any CPU
		{473B89FF-2BED-428C-8380-75264F26DF98}.ReleaseEditor|x64.ActiveCfg = Release|Any CPU
		{473B89FF-2BED-428C-8380-75264F26DF98}.ReleasePC|Any CPU.ActiveCfg = Release|Any CPU
		{473B89FF-2BED-428C-8380-75264F26DF98}.ReleasePC|Any CPU.Build.0 = Release|Any CPU
		{473B89FF-2BED-428C-8380-75264F26DF98}.ReleasePC|Mixed Platforms.ActiveCfg = Release|Any CPU
		{473B89FF-2BED-428C-8380-75264F26DF98}.ReleasePC|Mixed Platforms.Build.0 = Release|Any CPU
		{473B89FF-2BED-428C-8380-75264F26DF98}.ReleasePC|Win32.ActiveCfg = Release|Any CPU
		{473B89FF-2BED-428C-8380-75264F26DF98}.ReleasePC|x64.ActiveCfg = Release|Any CPU
		{11391EBD-0CD8-4317-8B13-4CA1CFFEEB84}.Debug|Any CPU.ActiveCfg = Debug|Win32
		{11391EBD-0CD8-4317-8B13-4CA1CFFEEB84}.Debug|Mixed Platforms.ActiveCfg = Debug|Win32
		{11391EBD-0CD8-4317-8B13-4CA1CFFEEB84}.Debug|Mixed Platforms.Build.0 = Debug|Win32
		{11391EBD-0CD8-4317-8B13-4CA1CFFEEB84}.Debug|Win32.ActiveCfg = Debug|Win32
		{11391EBD-0CD8-4317-8B13-4CA1CFFEEB84}.Debug|Win32.Build.0 = Debug|Win32
		{11391EBD-0CD8-4317-8B13-4CA1CFFEEB84}.Debug|x64.ActiveCfg = Debug|Win32
		{11391EBD-0CD8-4317-8B13-4CA1CFFEEB84}.DebugEditor|Any CPU.ActiveCfg = Debug|Win32
		{11391EBD-0CD8-4317-8B13-4CA1CFFEEB84}.DebugEditor|Mixed Platforms.ActiveCfg = Debug|Win32
		{11391EBD-0CD8-4317-8B13-4CA1CFFEEB84}.DebugEditor|Mixed Platforms.Build.0 = Debug|Win32
		{11391EBD-0CD8-4317-8B13-4CA1CFFEEB84}.DebugEditor|Win32.ActiveCfg = Debug|Win32
		{11391EBD-0CD8-4317-8B13-4CA1CFFEEB84}.DebugEditor|Win32.Build.0 = Debug|Win32
		{11391EBD-0CD8-4317-8B13-4CA1CFFEEB84}.DebugEditor|x64.ActiveCfg = Debug|Win32
		{11391EBD-0CD8-4317-8B13-4CA1CFFEEB84}.DebugPC|Any CPU.ActiveCfg = Debug|Win32
		{11391EBD-0CD8-4317-8B13-4CA1CFFEEB84}.DebugPC|Mixed Platforms.ActiveCfg = Debug|Win32
		{11391EBD-0CD8-4317-8B13-4CA1CFFEEB84}.DebugPC|Mixed Platforms.Build.0 = Debug|Win32
		{11391EBD-0CD8-4317-8B13-4CA1CFFEEB84}.DebugPC|Win32.ActiveCfg = Debug|Win32
		{11391EBD-0CD8-4317-8B13-4CA1CFFEEB84}.DebugPC|Win32.Build.0 = Debug|Win32
		{11391EBD-0CD8-4317-8B13-4CA1CFFEEB84}.DebugPC|x64.ActiveCfg = Debug|Win32
		{11391EBD-0CD8-4317-8B13-4CA1CFFEEB84}.DebugSetup|Any CPU.ActiveCfg = Debug|Win32
		{11391EBD-0CD8-4317-8B13-4CA1CFFEEB84}.DebugSetup|Mixed Platforms.ActiveCfg = Debug|Win32
		{11391EBD-0CD8-4317-8B13-4CA1CFFEEB84}.DebugSetup|Mixed Platforms.Build.0 = Debug|Win32
		{11391EBD-0CD8-4317-8B13-4CA1CFFEEB84}.DebugSetup|Win32.ActiveCfg = Debug|Win32
		{11391EBD-0CD8-4317-8B13-4CA1CFFEEB84}.DebugSetup|Win32.Build.0 = Debug|Win32
		{11391EBD-0CD8-4317-8B13-4CA1CFFEEB84}.DebugSetup|x64.ActiveCfg = Debug|Win32
		{11391EBD-0CD8-4317-8B13-4CA1CFFEEB84}.FinalPC|Any CPU.ActiveCfg = Release|Win32
		{11391EBD-0CD8-4317-8B13-4CA1CFFEEB84}.FinalPC|Mixed Platforms.ActiveCfg = Release|Win32
		{11391EBD-0CD8-4317-8B13-4CA1CFFEEB84}.FinalPC|Mixed Platforms.Build.0 = Release|Win32
		{11391EBD-0CD8-4317-8B13-4CA1CFFEEB84}.FinalPC|Win32.ActiveCfg = Release|Win32
		{11391EBD-0CD8-4317-8B13-4CA1CFFEEB84}.FinalPC|Win32.Build.0 = Release|Win32
		{11391EBD-0CD8-4317-8B13-4CA1CFFEEB84}.FinalPC|x64.ActiveCfg = Release|Win32
		{11391EBD-0CD8-4317-8B13-4CA1CFFEEB84}.Release|Any CPU.ActiveCfg = Release|Win32
		{11391EBD-0CD8-4317-8B13-4CA1CFFEEB84}.Release|Mixed Platforms.ActiveCfg = Release|Win32
		{11391EBD-0CD8-4317-8B13-4CA1CFFEEB84}.Release|Mixed Platforms.Build.0 = Release|Win32
		{11391EBD-0CD8-4317-8B13-4CA1CFFEEB84}.Release|Win32.ActiveCfg = Release|Win32
		{11391EBD-0CD8-4317-8B13-4CA1CFFEEB84}.Release|Win32.Build.0 = Release|Win32
		{11391EBD-0CD8-4317-8B13-4CA1CFFEEB84}.Release|x64.ActiveCfg = Release|Win32
		{11391EBD-0CD8-4317-8B13-4CA1CFFEEB84}.ReleaseEditor|Any CPU.ActiveCfg = Release|Win32
		{11391EBD-0CD8-4317-8B13-4CA1CFFEEB84}.ReleaseEditor|Mixed Platforms.ActiveCfg = Release|Win32
		{11391EBD-0CD8-4317-8B13-4CA1CFFEEB84}.ReleaseEditor|Mixed Platforms.Build.0 = Release|Win32
		{11391EBD-0CD8-4317-8B13-4CA1CFFEEB84}.ReleaseEditor|Win32.ActiveCfg = Release|Win32
		{11391EBD-0CD8-4317-8B13-4CA1CFFEEB84}.ReleaseEditor|Win32.Build.0 = Release|Win32
		{11391EBD-0CD8-4317-8B13-4CA1CFFEEB84}.ReleaseEditor|x64.ActiveCfg = Release|Win32
		{11391EBD-0CD8-4317-8B13-4CA1CFFEEB84}.ReleasePC|Any CPU.ActiveCfg = Release|Win32
		{11391EBD-0CD8-4317-8B13-4CA1CFFEEB84}.ReleasePC|Mixed Platforms.ActiveCfg = Release|Win32
		{11391EBD-0CD8-4317-8B13-4CA1CFFEEB84}.ReleasePC|Mixed Platforms.Build.0 = Release|Win32
		{11391EBD-0CD8-4317-8B13-4CA1CFFEEB84}.ReleasePC|Win32.ActiveCfg = Release|Win32
		{11391EBD-0CD8-4317-8B13-4CA1CFFEEB84}.ReleasePC|Win32.Build.0 = Release|Win32
		{11391EBD-0CD8-4317-8B13-4CA1CFFEEB84}.ReleasePC|x64.ActiveCfg = Release|Win32
		{74CD3F37-943F-4AAF-B9AB-76F688307C98}.Debug|Any CPU.ActiveCfg = Debug|Any CPU
		{74CD3F37-943F-4AAF-B9AB-76F688307C98}.Debug|Any CPU.Build.0 = Debug|Any CPU
		{74CD3F37-943F-4AAF-B9AB-76F688307C98}.Debug|Mixed Platforms.ActiveCfg = Debug|Any CPU
		{74CD3F37-943F-4AAF-B9AB-76F688307C98}.Debug|Mixed Platforms.Build.0 = Debug|Any CPU
		{74CD3F37-943F-4AAF-B9AB-76F688307C98}.Debug|Win32.ActiveCfg = Debug|Any CPU
		{74CD3F37-943F-4AAF-B9AB-76F688307C98}.Debug|x64.ActiveCfg = Debug|Any CPU
		{74CD3F37-943F-4AAF-B9AB-76F688307C98}.DebugEditor|Any CPU.ActiveCfg = Debug|Any CPU
		{74CD3F37-943F-4AAF-B9AB-76F688307C98}.DebugEditor|Any CPU.Build.0 = Debug|Any CPU
		{74CD3F37-943F-4AAF-B9AB-76F688307C98}.DebugEditor|Mixed Platforms.ActiveCfg = Debug|Any CPU
		{74CD3F37-943F-4AAF-B9AB-76F688307C98}.DebugEditor|Mixed Platforms.Build.0 = Debug|Any CPU
		{74CD3F37-943F-4AAF-B9AB-76F688307C98}.DebugEditor|Win32.ActiveCfg = Debug|Any CPU
		{74CD3F37-943F-4AAF-B9AB-76F688307C98}.DebugEditor|x64.ActiveCfg = Debug|Any CPU
		{74CD3F37-943F-4AAF-B9AB-76F688307C98}.DebugPC|Any CPU.ActiveCfg = Debug|Any CPU
		{74CD3F37-943F-4AAF-B9AB-76F688307C98}.DebugPC|Any CPU.Build.0 = Debug|Any CPU
		{74CD3F37-943F-4AAF-B9AB-76F688307C98}.DebugPC|Mixed Platforms.ActiveCfg = Debug|Any CPU
		{74CD3F37-943F-4AAF-B9AB-76F688307C98}.DebugPC|Mixed Platforms.Build.0 = Debug|Any CPU
		{74CD3F37-943F-4AAF-B9AB-76F688307C98}.DebugPC|Win32.ActiveCfg = Debug|Any CPU
		{74CD3F37-943F-4AAF-B9AB-76F688307C98}.DebugPC|x64.ActiveCfg = Debug|Any CPU
		{74CD3F37-943F-4AAF-B9AB-76F688307C98}.DebugSetup|Any CPU.ActiveCfg = Debug|Any CPU
		{74CD3F37-943F-4AAF-B9AB-76F688307C98}.DebugSetup|Any CPU.Build.0 = Debug|Any CPU
		{74CD3F37-943F-4AAF-B9AB-76F688307C98}.DebugSetup|Mixed Platforms.ActiveCfg = Debug|Any CPU
		{74CD3F37-943F-4AAF-B9AB-76F688307C98}.DebugSetup|Mixed Platforms.Build.0 = Debug|Any CPU
		{74CD3F37-943F-4AAF-B9AB-76F688307C98}.DebugSetup|Win32.ActiveCfg = Debug|Any CPU
		{74CD3F37-943F-4AAF-B9AB-76F688307C98}.DebugSetup|x64.ActiveCfg = Debug|Any CPU
		{74CD3F37-943F-4AAF-B9AB-76F688307C98}.FinalPC|Any CPU.ActiveCfg = Release|Any CPU
		{74CD3F37-943F-4AAF-B9AB-76F688307C98}.FinalPC|Any CPU.Build.0 = Release|Any CPU
		{74CD3F37-943F-4AAF-B9AB-76F688307C98}.FinalPC|Mixed Platforms.ActiveCfg = Release|Any CPU
		{74CD3F37-943F-4AAF-B9AB-76F688307C98}.FinalPC|Mixed Platforms.Build.0 = Release|Any CPU
		{74CD3F37-943F-4AAF-B9AB-76F688307C98}.FinalPC|Win32.ActiveCfg = Release|Any CPU
		{74CD3F37-943F-4AAF-B9AB-76F688307C98}.FinalPC|x64.ActiveCfg = Release|Any CPU
		{74CD3F37-943F-4AAF-B9AB-76F688307C98}.Release|Any CPU.ActiveCfg = Release|Any CPU
		{74CD3F37-943F-4AAF-B9AB-76F688307C98}.Release|Any CPU.Build.0 = Release|Any CPU
		{74CD3F37-943F-4AAF-B9AB-76F688307C98}.Release|Mixed Platforms.ActiveCfg = Release|Any CPU
		{74CD3F37-943F-4AAF-B9AB-76F688307C98}.Release|Mixed Platforms.Build.0 = Release|Any CPU
		{74CD3F37-943F-4AAF-B9AB-76F688307C98}.Release|Win32.ActiveCfg = Release|Any CPU
		{74CD3F37-943F-4AAF-B9AB-76F688307C98}.Release|x64.ActiveCfg = Release|Any CPU
		{74CD3F37-943F-4AAF-B9AB-76F688307C98}.ReleaseEditor|Any CPU.ActiveCfg = Release|Any CPU
		{74CD3F37-943F-4AAF-B9AB-76F688307C98}.ReleaseEditor|Any CPU.Build.0 = Release|Any CPU
		{74CD3F37-943F-4AAF-B9AB-76F688307C98}.ReleaseEditor|Mixed Platforms.ActiveCfg = Release|Any CPU
		{74CD3F37-943F-4AAF-B9AB-76F688307C98}.ReleaseEditor|Mixed Platforms.Build.0 = Release|Any CPU
		{74CD3F37-943F-4AAF-B9AB-76F688307C98}.ReleaseEditor|Win32.ActiveCfg = Release|Any CPU
		{74CD3F37-943F-4AAF-B9AB-76F688307C98}.ReleaseEditor|x64.ActiveCfg = Release|Any CPU
		{74CD3F37-943F-4AAF-B9AB-76F688307C98}.ReleasePC|Any CPU.ActiveCfg = Release|Any CPU
		{74CD3F37-943F-4AAF-B9AB-76F688307C98}.ReleasePC|Any CPU.Build.0 = Release|Any CPU
		{74CD3F37-943F-4AAF-B9AB-76F688307C98}.ReleasePC|Mixed Platforms.ActiveCfg = Release|Any CPU
		{74CD3F37-943F-4AAF-B9AB-76F688307C98}.ReleasePC|Mixed Platforms.Build.0 = Release|Any CPU
		{74CD3F37-943F-4AAF-B9AB-76F688307C98}.ReleasePC|Win32.ActiveCfg = Release|Any CPU
		{74CD3F37-943F-4AAF-B9AB-76F688307C98}.ReleasePC|x64.ActiveCfg = Release|Any CPU
		{7DD2D39D-FF2E-43A6-ADDC-103741989D52}.Debug|Any CPU.ActiveCfg = Debug|Any CPU
		{7DD2D39D-FF2E-43A6-ADDC-103741989D52}.Debug|Any CPU.Build.0 = Debug|Any CPU
		{7DD2D39D-FF2E-43A6-ADDC-103741989D52}.Debug|Mixed Platforms.ActiveCfg = Debug|Any CPU
		{7DD2D39D-FF2E-43A6-ADDC-103741989D52}.Debug|Mixed Platforms.Build.0 = Debug|Any CPU
		{7DD2D39D-FF2E-43A6-ADDC-103741989D52}.Debug|Win32.ActiveCfg = Debug|Any CPU
		{7DD2D39D-FF2E-43A6-ADDC-103741989D52}.Debug|x64.ActiveCfg = Debug|Any CPU
		{7DD2D39D-FF2E-43A6-ADDC-103741989D52}.DebugEditor|Any CPU.ActiveCfg = Debug|Any CPU
		{7DD2D39D-FF2E-43A6-ADDC-103741989D52}.DebugEditor|Any CPU.Build.0 = Debug|Any CPU
		{7DD2D39D-FF2E-43A6-ADDC-103741989D52}.DebugEditor|Mixed Platforms.ActiveCfg = Debug|Any CPU
		{7DD2D39D-FF2E-43A6-ADDC-103741989D52}.DebugEditor|Mixed Platforms.Build.0 = Debug|Any CPU
		{7DD2D39D-FF2E-43A6-ADDC-103741989D52}.DebugEditor|Win32.ActiveCfg = Debug|Any CPU
		{7DD2D39D-FF2E-43A6-ADDC-103741989D52}.DebugEditor|x64.ActiveCfg = Debug|Any CPU
		{7DD2D39D-FF2E-43A6-ADDC-103741989D52}.DebugPC|Any CPU.ActiveCfg = Debug|Any CPU
		{7DD2D39D-FF2E-43A6-ADDC-103741989D52}.DebugPC|Any CPU.Build.0 = Debug|Any CPU
		{7DD2D39D-FF2E-43A6-ADDC-103741989D52}.DebugPC|Mixed Platforms.ActiveCfg = Debug|Any CPU
		{7DD2D39D-FF2E-43A6-ADDC-103741989D52}.DebugPC|Mixed Platforms.Build.0 = Debug|Any CPU
		{7DD2D39D-FF2E-43A6-ADDC-103741989D52}.DebugPC|Win32.ActiveCfg = Debug|Any CPU
		{7DD2D39D-FF2E-43A6-ADDC-103741989D52}.DebugPC|x64.ActiveCfg = Debug|Any CPU
		{7DD2D39D-FF2E-43A6-ADDC-103741989D52}.DebugSetup|Any CPU.ActiveCfg = Debug|Any CPU
		{7DD2D39D-FF2E-43A6-ADDC-103741989D52}.DebugSetup|Any CPU.Build.0 = Debug|Any CPU
		{7DD2D39D-FF2E-43A6-ADDC-103741989D52}.DebugSetup|Mixed Platforms.ActiveCfg = Debug|Any CPU
		{7DD2D39D-FF2E-43A6-ADDC-103741989D52}.DebugSetup|Mixed Platforms.Build.0 = Debug|Any CPU
		{7DD2D39D-FF2E-43A6-ADDC-103741989D52}.DebugSetup|Win32.ActiveCfg = Debug|Any CPU
		{7DD2D39D-FF2E-43A6-ADDC-103741989D52}.DebugSetup|x64.ActiveCfg = Debug|Any CPU
		{7DD2D39D-FF2E-43A6-ADDC-103741989D52}.FinalPC|Any CPU.ActiveCfg = Release|Any CPU
		{7DD2D39D-FF2E-43A6-ADDC-103741989D52}.FinalPC|Any CPU.Build.0 = Release|Any CPU
		{7DD2D39D-FF2E-43A6-ADDC-103741989D52}.FinalPC|Mixed Platforms.ActiveCfg = Release|Any CPU
		{7DD2D39D-FF2E-43A6-ADDC-103741989D52}.FinalPC|Mixed Platforms.Build.0 = Release|Any CPU
		{7DD2D39D-FF2E-43A6-ADDC-103741989D52}.FinalPC|Win32.ActiveCfg = Release|Any CPU
		{7DD2D39D-FF2E-43A6-ADDC-103741989D52}.FinalPC|x64.ActiveCfg = Release|Any CPU
		{7DD2D39D-FF2E-43A6-ADDC-103741989D52}.Release|Any CPU.ActiveCfg = Release|Any CPU
		{7DD2D39D-FF2E-43A6-ADDC-103741989D52}.Release|Any CPU.Build.0 = Release|Any CPU
		{7DD2D39D-FF2E-43A6-ADDC-103741989D52}.Release|Mixed Platforms.ActiveCfg = Release|Any CPU
		{7DD2D39D-FF2E-43A6-ADDC-103741989D52}.Release|Mixed Platforms.Build.0 = Release|Any CPU
		{7DD2D39D-FF2E-43A6-ADDC-103741989D52}.Release|Win32.ActiveCfg = Release|Any CPU
		{7DD2D39D-FF2E-43A6-ADDC-103741989D52}.Release|x64.ActiveCfg = Release|Any CPU
		{7DD2D39D-FF2E-43A6-ADDC-103741989D52}.ReleaseEditor|Any CPU.ActiveCfg = Release|Any CPU
		{7DD2D39D-FF2E-43A6-ADDC-103741989D52}.ReleaseEditor|Any CPU.Build.0 = Release|Any CPU
		{7DD2D39D-FF2E-43A6-ADDC-103741989D52}.ReleaseEditor|Mixed Platforms.ActiveCfg = Release|Any CPU
		{7DD2D39D-FF2E-43A6-ADDC-103741989D52}.ReleaseEditor|Mixed Platforms.Build.0 = Release|Any CPU
		{7DD2D39D-FF2E-43A6-ADDC-103741989D52}.ReleaseEditor|Win32.ActiveCfg = Release|Any CPU
		{7DD2D39D-FF2E-43A6-ADDC-103741989D52}.ReleaseEditor|x64.ActiveCfg = Release|Any CPU
		{7DD2D39D-FF2E-43A6-ADDC-103741989D52}.ReleasePC|Any CPU.ActiveCfg = Release|Any CPU
		{7DD2D39D-FF2E-43A6-ADDC-103741989D52}.ReleasePC|Any CPU.Build.0 = Release|Any CPU
		{7DD2D39D-FF2E-43A6-ADDC-103741989D52}.ReleasePC|Mixed Platforms.ActiveCfg = Release|Any CPU
		{7DD2D39D-FF2E-43A6-ADDC-103741989D52}.ReleasePC|Mixed Platforms.Build.0 = Release|Any CPU
		{7DD2D39D-FF2E-43A6-ADDC-103741989D52}.ReleasePC|Win32.ActiveCfg = Release|Any CPU
		{7DD2D39D-FF2E-43A6-ADDC-103741989D52}.ReleasePC|x64.ActiveCfg = Release|Any CPU
		{4169D97E-C049-4639-A161-897427EA6952}.Debug|Any CPU.ActiveCfg = Debug|Win32
		{4169D97E-C049-4639-A161-897427EA6952}.Debug|Mixed Platforms.ActiveCfg = Debug|Win32
		{4169D97E-C049-4639-A161-897427EA6952}.Debug|Mixed Platforms.Build.0 = Debug|Win32
		{4169D97E-C049-4639-A161-897427EA6952}.Debug|Win32.ActiveCfg = Debug|Win32
		{4169D97E-C049-4639-A161-897427EA6952}.Debug|Win32.Build.0 = Debug|Win32
		{4169D97E-C049-4639-A161-897427EA6952}.Debug|x64.ActiveCfg = Debug|Win32
		{4169D97E-C049-4639-A161-897427EA6952}.DebugEditor|Any CPU.ActiveCfg = Debug|Win32
		{4169D97E-C049-4639-A161-897427EA6952}.DebugEditor|Mixed Platforms.ActiveCfg = Debug|Win32
		{4169D97E-C049-4639-A161-897427EA6952}.DebugEditor|Mixed Platforms.Build.0 = Debug|Win32
		{4169D97E-C049-4639-A161-897427EA6952}.DebugEditor|Win32.ActiveCfg = Debug|Win32
		{4169D97E-C049-4639-A161-897427EA6952}.DebugEditor|Win32.Build.0 = Debug|Win32
		{4169D97E-C049-4639-A161-897427EA6952}.DebugEditor|x64.ActiveCfg = Debug|Win32
		{4169D97E-C049-4639-A161-897427EA6952}.DebugPC|Any CPU.ActiveCfg = Debug|Win32
		{4169D97E-C049-4639-A161-897427EA6952}.DebugPC|Mixed Platforms.ActiveCfg = Debug|Win32
		{4169D97E-C049-4639-A161-897427EA6952}.DebugPC|Mixed Platforms.Build.0 = Debug|Win32
		{4169D97E-C049-4639-A161-897427EA6952}.DebugPC|Win32.ActiveCfg = Debug|Win32
		{4169D97E-C049-4639-A161-897427EA6952}.DebugPC|Win32.Build.0 = Debug|Win32
		{4169D97E-C049-4639-A161-897427EA6952}.DebugPC|x64.ActiveCfg = Debug|Win32
		{4169D97E-C049-4639-A161-897427EA6952}.DebugSetup|Any CPU.ActiveCfg = Debug|Win32
		{4169D97E-C049-4639-A161-897427EA6952}.DebugSetup|Mixed Platforms.ActiveCfg = Debug|Win32
		{4169D97E-C049-4639-A161-897427EA6952}.DebugSetup|Mixed Platforms.Build.0 = Debug|Win32
		{4169D97E-C049-4639-A161-897427EA6952}.DebugSetup|Win32.ActiveCfg = Debug|Win32
		{4169D97E-C049-4639-A161-897427EA6952}.DebugSetup|Win32.Build.0 = Debug|Win32
		{4169D97E-C049-4639-A161-897427EA6952}.DebugSetup|x64.ActiveCfg = Debug|Win32
		{4169D97E-C049-4639-A161-897427EA6952}.FinalPC|Any CPU.ActiveCfg = Release|Win32
		{4169D97E-C049-4639-A161-897427EA6952}.FinalPC|Mixed Platforms.ActiveCfg = Release|Win32
		{4169D97E-C049-4639-A161-897427EA6952}.FinalPC|Mixed Platforms.Build.0 = Release|Win32
		{4169D97E-C049-4639-A161-897427EA6952}.FinalPC|Win32.ActiveCfg = Release|Win32
		{4169D97E-C049-4639-A161-897427EA6952}.FinalPC|Win32.Build.0 = Release|Win32
		{4169D97E-C049-4639-A161-897427EA6952}.FinalPC|x64.ActiveCfg = Release|Win32
		{4169D97E-C049-4639-A161-897427EA6952}.Release|Any CPU.ActiveCfg = Release|Win32
		{4169D97E-C049-4639-A161-897427EA6952}.Release|Mixed Platforms.ActiveCfg = Release|Win32
		{4169D97E-C049-4639-A161-897427EA6952}.Release|Mixed Platforms.Build.0 = Release|Win32
		{4169D97E-C049-4639-A161-897427EA6952}.Release|Win32.ActiveCfg = Release|Win32
		{4169D97E-C049-4639-A161-897427EA6952}.Release|Win32.Build.0 = Release|Win32
		{4169D97E-C049-4639-A161-897427EA6952}.Release|x64.ActiveCfg = Release|Win32
		{4169D97E-C049-4639-A161-897427EA6952}.ReleaseEditor|Any CPU.ActiveCfg = Release|Win32
		{4169D97E-C049-4639-A161-897427EA6952}.ReleaseEditor|Mixed Platforms.ActiveCfg = Release|Win32
		{4169D97E-C049-4639-A161-897427EA6952}.ReleaseEditor|Mixed Platforms.Build.0 = Release|Win32
		{4169D97E-C049-4639-A161-897427EA6952}.ReleaseEditor|Win32.ActiveCfg = Release|Win32
		{4169D97E-C049-4639-A161-897427EA6952}.ReleaseEditor|Win32.Build.0 = Release|Win32
		{4169D97E-C049-4639-A161-897427EA6952}.ReleaseEditor|x64.ActiveCfg = Release|Win32
		{4169D97E-C049-4639-A161-897427EA6952}.ReleasePC|Any CPU.ActiveCfg = Release|Win32
		{4169D97E-C049-4639-A161-897427EA6952}.ReleasePC|Mixed Platforms.ActiveCfg = Release|Win32
		{4169D97E-C049-4639-A161-897427EA6952}.ReleasePC|Mixed Platforms.Build.0 = Release|Win32
		{4169D97E-C049-4639-A161-897427EA6952}.ReleasePC|Win32.ActiveCfg = Release|Win32
		{4169D97E-C049-4639-A161-897427EA6952}.ReleasePC|Win32.Build.0 = Release|Win32
		{4169D97E-C049-4639-A161-897427EA6952}.ReleasePC|x64.ActiveCfg = Release|Win32
		{95D78AEA-FEE7-4537-AB56-067B1758351B}.Debug|Any CPU.ActiveCfg = Debug|Any CPU
		{95D78AEA-FEE7-4537-AB56-067B1758351B}.Debug|Any CPU.Build.0 = Debug|Any CPU
		{95D78AEA-FEE7-4537-AB56-067B1758351B}.Debug|Mixed Platforms.ActiveCfg = Debug|Any CPU
		{95D78AEA-FEE7-4537-AB56-067B1758351B}.Debug|Mixed Platforms.Build.0 = Debug|Any CPU
		{95D78AEA-FEE7-4537-AB56-067B1758351B}.Debug|Win32.ActiveCfg = Debug|Any CPU
		{95D78AEA-FEE7-4537-AB56-067B1758351B}.Debug|x64.ActiveCfg = Debug|Any CPU
		{95D78AEA-FEE7-4537-AB56-067B1758351B}.DebugEditor|Any CPU.ActiveCfg = Debug|Any CPU
		{95D78AEA-FEE7-4537-AB56-067B1758351B}.DebugEditor|Any CPU.Build.0 = Debug|Any CPU
		{95D78AEA-FEE7-4537-AB56-067B1758351B}.DebugEditor|Mixed Platforms.ActiveCfg = Debug|Any CPU
		{95D78AEA-FEE7-4537-AB56-067B1758351B}.DebugEditor|Mixed Platforms.Build.0 = Debug|Any CPU
		{95D78AEA-FEE7-4537-AB56-067B1758351B}.DebugEditor|Win32.ActiveCfg = Debug|Any CPU
		{95D78AEA-FEE7-4537-AB56-067B1758351B}.DebugEditor|x64.ActiveCfg = Debug|Any CPU
		{95D78AEA-FEE7-4537-AB56-067B1758351B}.DebugPC|Any CPU.ActiveCfg = Debug|Any CPU
		{95D78AEA-FEE7-4537-AB56-067B1758351B}.DebugPC|Any CPU.Build.0 = Debug|Any CPU
		{95D78AEA-FEE7-4537-AB56-067B1758351B}.DebugPC|Mixed Platforms.ActiveCfg = Debug|Any CPU
		{95D78AEA-FEE7-4537-AB56-067B1758351B}.DebugPC|Mixed Platforms.Build.0 = Debug|Any CPU
		{95D78AEA-FEE7-4537-AB56-067B1758351B}.DebugPC|Win32.ActiveCfg = Debug|Any CPU
		{95D78AEA-FEE7-4537-AB56-067B1758351B}.DebugPC|x64.ActiveCfg = Debug|Any CPU
		{95D78AEA-FEE7-4537-AB56-067B1758351B}.DebugSetup|Any CPU.ActiveCfg = Debug|Any CPU
		{95D78AEA-FEE7-4537-AB56-067B1758351B}.DebugSetup|Any CPU.Build.0 = Debug|Any CPU
		{95D78AEA-FEE7-4537-AB56-067B1758351B}.DebugSetup|Mixed Platforms.ActiveCfg = Debug|Any CPU
		{95D78AEA-FEE7-4537-AB56-067B1758351B}.DebugSetup|Mixed Platforms.Build.0 = Debug|Any CPU
		{95D78AEA-FEE7-4537-AB56-067B1758351B}.DebugSetup|Win32.ActiveCfg = Debug|Any CPU
		{95D78AEA-FEE7-4537-AB56-067B1758351B}.DebugSetup|x64.ActiveCfg = Debug|Any CPU
		{95D78AEA-FEE7-4537-AB56-067B1758351B}.FinalPC|Any CPU.ActiveCfg = Release|Any CPU
		{95D78AEA-FEE7-4537-AB56-067B1758351B}.FinalPC|Any CPU.Build.0 = Release|Any CPU
		{95D78AEA-FEE7-4537-AB56-067B1758351B}.FinalPC|Mixed Platforms.ActiveCfg = Release|Any CPU
		{95D78AEA-FEE7-4537-AB56-067B1758351B}.FinalPC|Mixed Platforms.Build.0 = Release|Any CPU
		{95D78AEA-FEE7-4537-AB56-067B1758351B}.FinalPC|Win32.ActiveCfg = Release|Any CPU
		{95D78AEA-FEE7-4537-AB56-067B1758351B}.FinalPC|x64.ActiveCfg = Release|Any CPU
		{95D78AEA-FEE7-4537-AB56-067B1758351B}.Release|Any CPU.ActiveCfg = Release|Any CPU
		{95D78AEA-FEE7-4537-AB56-067B1758351B}.Release|Any CPU.Build.0 = Release|Any CPU
		{95D78AEA-FEE7-4537-AB56-067B1758351B}.Release|Mixed Platforms.ActiveCfg = Release|Any CPU
		{95D78AEA-FEE7-4537-AB56-067B1758351B}.Release|Mixed Platforms.Build.0 = Release|Any CPU
		{95D78AEA-FEE7-4537-AB56-067B1758351B}.Release|Win32.ActiveCfg = Release|Any CPU
		{95D78AEA-FEE7-4537-AB56-067B1758351B}.Release|x64.ActiveCfg = Release|Any CPU
		{95D78AEA-FEE7-4537-AB56-067B1758351B}.ReleaseEditor|Any CPU.ActiveCfg = Release|Any CPU
		{95D78AEA-FEE7-4537-AB56-067B1758351B}.ReleaseEditor|Any CPU.Build.0 = Release|Any CPU
		{95D78AEA-FEE7-4537-AB56-067B1758351B}.ReleaseEditor|Mixed Platforms.ActiveCfg = Release|Any CPU
		{95D78AEA-FEE7-4537-AB56-067B1758351B}.ReleaseEditor|Mixed Platforms.Build.0 = Release|Any CPU
		{95D78AEA-FEE7-4537-AB56-067B1758351B}.ReleaseEditor|Win32.ActiveCfg = Release|Any CPU
		{95D78AEA-FEE7-4537-AB56-067B1758351B}.ReleaseEditor|x64.ActiveCfg = Release|Any CPU
		{95D78AEA-FEE7-4537-AB56-067B1758351B}.ReleasePC|Any CPU.ActiveCfg = Release|Any CPU
		{95D78AEA-FEE7-4537-AB56-067B1758351B}.ReleasePC|Any CPU.Build.0 = Release|Any CPU
		{95D78AEA-FEE7-4537-AB56-067B1758351B}.ReleasePC|Mixed Platforms.ActiveCfg = Release|Any CPU
		{95D78AEA-FEE7-4537-AB56-067B1758351B}.ReleasePC|Mixed Platforms.Build.0 = Release|Any CPU
		{95D78AEA-FEE7-4537-AB56-067B1758351B}.ReleasePC|Win32.ActiveCfg = Release|Any CPU
		{95D78AEA-FEE7-4537-AB56-067B1758351B}.ReleasePC|x64.ActiveCfg = Release|Any CPU
		{4E73FBE2-C97A-4206-B693-BA48A95089C1}.Debug|Any CPU.ActiveCfg = Debug|Any CPU
		{4E73FBE2-C97A-4206-B693-BA48A95089C1}.Debug|Any CPU.Build.0 = Debug|Any CPU
		{4E73FBE2-C97A-4206-B693-BA48A95089C1}.Debug|Mixed Platforms.ActiveCfg = Debug|Any CPU
		{4E73FBE2-C97A-4206-B693-BA48A95089C1}.Debug|Mixed Platforms.Build.0 = Debug|Any CPU
		{4E73FBE2-C97A-4206-B693-BA48A95089C1}.Debug|Win32.ActiveCfg = Debug|Any CPU
		{4E73FBE2-C97A-4206-B693-BA48A95089C1}.Debug|x64.ActiveCfg = Debug|Any CPU
		{4E73FBE2-C97A-4206-B693-BA48A95089C1}.DebugEditor|Any CPU.ActiveCfg = Debug|Any CPU
		{4E73FBE2-C97A-4206-B693-BA48A95089C1}.DebugEditor|Any CPU.Build.0 = Debug|Any CPU
		{4E73FBE2-C97A-4206-B693-BA48A95089C1}.DebugEditor|Mixed Platforms.ActiveCfg = Debug|Any CPU
		{4E73FBE2-C97A-4206-B693-BA48A95089C1}.DebugEditor|Mixed Platforms.Build.0 = Debug|Any CPU
		{4E73FBE2-C97A-4206-B693-BA48A95089C1}.DebugEditor|Win32.ActiveCfg = Debug|Any CPU
		{4E73FBE2-C97A-4206-B693-BA48A95089C1}.DebugEditor|x64.ActiveCfg = Debug|Any CPU
		{4E73FBE2-C97A-4206-B693-BA48A95089C1}.DebugPC|Any CPU.ActiveCfg = Debug|Any CPU
		{4E73FBE2-C97A-4206-B693-BA48A95089C1}.DebugPC|Any CPU.Build.0 = Debug|Any CPU
		{4E73FBE2-C97A-4206-B693-BA48A95089C1}.DebugPC|Mixed Platforms.ActiveCfg = Debug|Any CPU
		{4E73FBE2-C97A-4206-B693-BA48A95089C1}.DebugPC|Mixed Platforms.Build.0 = Debug|Any CPU
		{4E73FBE2-C97A-4206-B693-BA48A95089C1}.DebugPC|Win32.ActiveCfg = Debug|Any CPU
		{4E73FBE2-C97A-4206-B693-BA48A95089C1}.DebugPC|x64.ActiveCfg = Debug|Any CPU
		{4E73FBE2-C97A-4206-B693-BA48A95089C1}.DebugSetup|Any CPU.ActiveCfg = Debug|Any CPU
		{4E73FBE2-C97A-4206-B693-BA48A95089C1}.DebugSetup|Any CPU.Build.0 = Debug|Any CPU
		{4E73FBE2-C97A-4206-B693-BA48A95089C1}.DebugSetup|Mixed Platforms.ActiveCfg = Debug|Any CPU
		{4E73FBE2-C97A-4206-B693-BA48A95089C1}.DebugSetup|Mixed Platforms.Build.0 = Debug|Any CPU
		{4E73FBE2-C97A-4206-B693-BA48A95089C1}.DebugSetup|Win32.ActiveCfg = Debug|Any CPU
		{4E73FBE2-C97A-4206-B693-BA48A95089C1}.DebugSetup|x64.ActiveCfg = Debug|Any CPU
		{4E73FBE2-C97A-4206-B693-BA48A95089C1}.FinalPC|Any CPU.ActiveCfg = Release|Any CPU
		{4E73FBE2-C97A-4206-B693-BA48A95089C1}.FinalPC|Any CPU.Build.0 = Release|Any CPU
		{4E73FBE2-C97A-4206-B693-BA48A95089C1}.FinalPC|Mixed Platforms.ActiveCfg = Release|Any CPU
		{4E73FBE2-C97A-4206-B693-BA48A95089C1}.FinalPC|Mixed Platforms.Build.0 = Release|Any CPU
		{4E73FBE2-C97A-4206-B693-BA48A95089C1}.FinalPC|Win32.ActiveCfg = Release|Any CPU
		{4E73FBE2-C97A-4206-B693-BA48A95089C1}.FinalPC|x64.ActiveCfg = Release|Any CPU
		{4E73FBE2-C97A-4206-B693-BA48A95089C1}.Release|Any CPU.ActiveCfg = Release|Any CPU
		{4E73FBE2-C97A-4206-B693-BA48A95089C1}.Release|Any CPU.Build.0 = Release|Any CPU
		{4E73FBE2-C97A-4206-B693-BA48A95089C1}.Release|Mixed Platforms.ActiveCfg = Release|Any CPU
		{4E73FBE2-C97A-4206-B693-BA48A95089C1}.Release|Mixed Platforms.Build.0 = Release|Any CPU
		{4E73FBE2-C97A-4206-B693-BA48A95089C1}.Release|Win32.ActiveCfg = Release|Any CPU
		{4E73FBE2-C97A-4206-B693-BA48A95089C1}.Release|x64.ActiveCfg = Release|Any CPU
		{4E73FBE2-C97A-4206-B693-BA48A95089C1}.ReleaseEditor|Any CPU.ActiveCfg = Release|Any CPU
		{4E73FBE2-C97A-4206-B693-BA48A95089C1}.ReleaseEditor|Any CPU.Build.0 = Release|Any CPU
		{4E73FBE2-C97A-4206-B693-BA48A95089C1}.ReleaseEditor|Mixed Platforms.ActiveCfg = Release|Any CPU
		{4E73FBE2-C97A-4206-B693-BA48A95089C1}.ReleaseEditor|Mixed Platforms.Build.0 = Release|Any CPU
		{4E73FBE2-C97A-4206-B693-BA48A95089C1}.ReleaseEditor|Win32.ActiveCfg = Release|Any CPU
		{4E73FBE2-C97A-4206-B693-BA48A95089C1}.ReleaseEditor|x64.ActiveCfg = Release|Any CPU
		{4E73FBE2-C97A-4206-B693-BA48A95089C1}.ReleasePC|Any CPU.ActiveCfg = Release|Any CPU
		{4E73FBE2-C97A-4206-B693-BA48A95089C1}.ReleasePC|Any CPU.Build.0 = Release|Any CPU
		{4E73FBE2-C97A-4206-B693-BA48A95089C1}.ReleasePC|Mixed Platforms.ActiveCfg = Release|Any CPU
		{4E73FBE2-C97A-4206-B693-BA48A95089C1}.ReleasePC|Mixed Platforms.Build.0 = Release|Any CPU
		{4E73FBE2-C97A-4206-B693-BA48A95089C1}.ReleasePC|Win32.ActiveCfg = Release|Any CPU
		{4E73FBE2-C97A-4206-B693-BA48A95089C1}.ReleasePC|x64.ActiveCfg = Release|Any CPU
	EndGlobalSection
	GlobalSection(SolutionProperties) = preSolution
		HideSolutionNode = FALSE
	EndGlobalSection
	GlobalSection(NestedProjects) = preSolution
		{641C003F-BC6E-4767-B0F6-F0D9E7910918} = {E0F3BAB2-3930-4C58-A22D-64D50441CF28}
		{56A32BA8-F806-4C08-B9F8-441EF04ADD36} = {E0F3BAB2-3930-4C58-A22D-64D50441CF28}
		{DC1BD62C-200F-4DAA-9CE1-5260734E1200} = {E0F3BAB2-3930-4C58-A22D-64D50441CF28}
		{33928956-4C3F-4D78-980E-9146CBF981F5} = {E0F3BAB2-3930-4C58-A22D-64D50441CF28}
		{22D71C5B-E7CD-44B0-B221-EBAF900DCD95} = {E0F3BAB2-3930-4C58-A22D-64D50441CF28}
		{1E2420E5-6620-4040-A90D-CC3FA8852CB3} = {E0F3BAB2-3930-4C58-A22D-64D50441CF28}
		{473B89FF-2BED-428C-8380-75264F26DF98} = {E0F3BAB2-3930-4C58-A22D-64D50441CF28}
		{11391EBD-0CD8-4317-8B13-4CA1CFFEEB84} = {E0F3BAB2-3930-4C58-A22D-64D50441CF28}
		{74CD3F37-943F-4AAF-B9AB-76F688307C98} = {E0F3BAB2-3930-4C58-A22D-64D50441CF28}
		{7DD2D39D-FF2E-43A6-ADDC-103741989D52} = {E0F3BAB2-3930-4C58-A22D-64D50441CF28}
		{95D78AEA-FEE7-4537-AB56-067B1758351B} = {E0F3BAB2-3930-4C58-A22D-64D50441CF28}
		{4E73FBE2-C97A-4206-B693-BA48A95089C1} = {E0F3BAB2-3930-4C58-A22D-64D50441CF28}
		{D88A65AF-A0AA-4DD4-A726-794C160FCC11} = {641C003F-BC6E-4767-B0F6-F0D9E7910918}
		{60BE201A-EE33-4BCF-9D5B-09F5BE977885} = {641C003F-BC6E-4767-B0F6-F0D9E7910918}
		{8DB84167-99F7-4D71-B95F-F11D58838EF3} = {641C003F-BC6E-4767-B0F6-F0D9E7910918}
		{8C61CE2A-6E87-4C57-A99E-FA590E917B94} = {641C003F-BC6E-4767-B0F6-F0D9E7910918}
		{029E0553-E9EC-4F64-B103-F3D0CDE8A0B2} = {641C003F-BC6E-4767-B0F6-F0D9E7910918}
		{ACA3454E-271C-4AD6-8D98-26F587ACCC74} = {641C003F-BC6E-4767-B0F6-F0D9E7910918}
		{1A7CB95F-027D-4C3F-88C0-870E50F6AA76} = {641C003F-BC6E-4767-B0F6-F0D9E7910918}
	EndGlobalSection
EndGlobal
